{
  "pins" : [
    {
      "identity" : "countly-sdk-ios",
      "kind" : "remoteSourceControl",
      "location" : "https://github.com/Countly/countly-sdk-ios.git",
      "state" : {
        "revision" : "c37ca8e060ee0bb8ea2e1f55c3f8016093cac34a",
        "version" : "20.11.1"
      }
    },
    {
      "identity" : "mqtt-nio",
      "kind" : "remoteSourceControl",
      "location" : "https://github.com/adam-fowler/mqtt-nio",
      "state" : {
        "revision" : "3f0efa5908cedcc6c23ac37184b3d9f01d529a1a",
        "version" : "2.5.2"
      }
    },
    {
      "identity" : "swift-log",
      "kind" : "remoteSourceControl",
      "location" : "https://github.com/apple/swift-log.git",
      "state" : {
        "revision" : "5d66f7ba25daf4f94100e7022febf3c75e37a6c7",
        "version" : "1.4.2"
      }
    },
    {
      "identity" : "swift-nio",
      "kind" : "remoteSourceControl",
      "location" : "https://github.com/apple/swift-nio.git",
      "state" : {
        "revision" : "6aa9347d9bc5bbfe6a84983aec955c17ffea96ef",
        "version" : "2.33.0"
      }
    },
    {
      "identity" : "swift-nio-ssl",
      "kind" : "remoteSourceControl",
      "location" : "https://github.com/apple/swift-nio-ssl.git",
      "state" : {
        "revision" : "5e68c1ded15619bb281b273fa8c2d8fd7f7b2b7d",
        "version" : "2.16.1"
      }
    },
    {
      "identity" : "swift-nio-transport-services",
      "kind" : "remoteSourceControl",
      "location" : "https://github.com/apple/swift-nio-transport-services.git",
      "state" : {
        "revision" : "e7f5278a26442dc46783ba7e063643d524e414a0",
        "version" : "1.11.3"
      }
    }
  ],
  "version" : 2
}
