{
  "object": {
    "pins": [
      {
        "package": "Countly",
        "repositoryURL": "https://github.com/Countly/countly-sdk-ios.git",
        "state": {
          "branch": null,
          "revision": "c37ca8e060ee0bb8ea2e1f55c3f8016093cac34a",
          "version": "20.11.1"
        }
      }
    ]
  },
  "version": 1
}
