// !$*UTF8*$!
{
	archiveVersion = 1;
	classes = {
	};
	objectVersion = 50;
	objects = {

/* Begin PBXBuildFile section */
		3103974024B15DB600F5AA84 /* CustomCursorButton.swift in Sources */ = {isa = PBXBuildFile; fileRef = 3103973F24B15DB600F5AA84 /* CustomCursorButton.swift */; };
		3103974424B1702800F5AA84 /* PageViewController.xib in Resources */ = {isa = PBXBuildFile; fileRef = 3103974324B1702800F5AA84 /* PageViewController.xib */; };
		3130B0EB24A41A05003864DD /* LoginWindow.xib in Resources */ = {isa = PBXBuildFile; fileRef = 3130B0EA24A41A05003864DD /* LoginWindow.xib */; };
		3130B0ED24A41CCF003864DD /* CaptureWindow.xib in Resources */ = {isa = PBXBuildFile; fileRef = 3130B0EC24A41CCF003864DD /* CaptureWindow.xib */; };
		3130B0EF24A41E8D003864DD /* LoginWindowController.swift in Sources */ = {isa = PBXBuildFile; fileRef = 3130B0EE24A41E8D003864DD /* LoginWindowController.swift */; };
		3130B0F124A41FA6003864DD /* CaptureWindowController.swift in Sources */ = {isa = PBXBuildFile; fileRef = 3130B0F024A41FA6003864DD /* CaptureWindowController.swift */; };
		3130B0F524A42006003864DD /* PageViewController.swift in Sources */ = {isa = PBXBuildFile; fileRef = 3130B0F424A42006003864DD /* PageViewController.swift */; };
		3130B0F824A42020003864DD /* CaptureViewController.swift in Sources */ = {isa = PBXBuildFile; fileRef = 3130B0F624A42020003864DD /* CaptureViewController.swift */; };
		3130B0F924A42020003864DD /* CaptureViewController.xib in Resources */ = {isa = PBXBuildFile; fileRef = 3130B0F724A42020003864DD /* CaptureViewController.xib */; };
		3130B0FC24A4202E003864DD /* CreateAccountViewController.swift in Sources */ = {isa = PBXBuildFile; fileRef = 3130B0FA24A4202E003864DD /* CreateAccountViewController.swift */; };
		3130B0FD24A4202E003864DD /* CreateAccountViewController.xib in Resources */ = {isa = PBXBuildFile; fileRef = 3130B0FB24A4202E003864DD /* CreateAccountViewController.xib */; };
		3130B10024A42037003864DD /* DoneViewController.swift in Sources */ = {isa = PBXBuildFile; fileRef = 3130B0FE24A42037003864DD /* DoneViewController.swift */; };
		3130B10124A42037003864DD /* DoneViewController.xib in Resources */ = {isa = PBXBuildFile; fileRef = 3130B0FF24A42037003864DD /* DoneViewController.xib */; };
		314EB6DB24A697C300CF3D48 /* macos.solutions.json in Resources */ = {isa = PBXBuildFile; fileRef = 314EB6DA24A697C300CF3D48 /* macos.solutions.json */; };
		316E681E24B28D8900FA09D5 /* macos.solutions.json in Resources */ = {isa = PBXBuildFile; fileRef = 314EB6DA24A697C300CF3D48 /* macos.solutions.json */; };
		31751B0D2444DE8900EEDF14 /* AppDelegate.swift in Sources */ = {isa = PBXBuildFile; fileRef = 31751B0C2444DE8900EEDF14 /* AppDelegate.swift */; };
		31751B0F2444DE8B00EEDF14 /* Assets.xcassets in Resources */ = {isa = PBXBuildFile; fileRef = 31751B0E2444DE8B00EEDF14 /* Assets.xcassets */; };
		31751B1E2444DE8B00EEDF14 /* MorphicTests.swift in Sources */ = {isa = PBXBuildFile; fileRef = 31751B1D2444DE8B00EEDF14 /* MorphicTests.swift */; };
		31751B292444DE8B00EEDF14 /* MorphicUITests.swift in Sources */ = {isa = PBXBuildFile; fileRef = 31751B282444DE8B00EEDF14 /* MorphicUITests.swift */; };
		31751B3C2444DFAA00EEDF14 /* Main.xib in Resources */ = {isa = PBXBuildFile; fileRef = 31751B3A2444DFAA00EEDF14 /* Main.xib */; };
		31751B4A2444E04300EEDF14 /* MorphicCore.framework in Frameworks */ = {isa = PBXBuildFile; fileRef = 31751B472444E04300EEDF14 /* MorphicCore.framework */; };
		31751B4B2444E04300EEDF14 /* MorphicCore.framework in Embed Frameworks */ = {isa = PBXBuildFile; fileRef = 31751B472444E04300EEDF14 /* MorphicCore.framework */; settings = {ATTRIBUTES = (CodeSignOnCopy, RemoveHeadersOnCopy, ); }; };
		31751B4C2444E04300EEDF14 /* MorphicService.framework in Frameworks */ = {isa = PBXBuildFile; fileRef = 31751B482444E04300EEDF14 /* MorphicService.framework */; };
		31751B4D2444E04300EEDF14 /* MorphicService.framework in Embed Frameworks */ = {isa = PBXBuildFile; fileRef = 31751B482444E04300EEDF14 /* MorphicService.framework */; settings = {ATTRIBUTES = (CodeSignOnCopy, RemoveHeadersOnCopy, ); }; };
		31751B4E2444E04300EEDF14 /* MorphicSettings.framework in Frameworks */ = {isa = PBXBuildFile; fileRef = 31751B492444E04300EEDF14 /* MorphicSettings.framework */; };
		31751B4F2444E04300EEDF14 /* MorphicSettings.framework in Embed Frameworks */ = {isa = PBXBuildFile; fileRef = 31751B492444E04300EEDF14 /* MorphicSettings.framework */; settings = {ATTRIBUTES = (CodeSignOnCopy, RemoveHeadersOnCopy, ); }; };
		31751B582444E0E300EEDF14 /* AppDelegate.swift in Sources */ = {isa = PBXBuildFile; fileRef = 31751B572444E0E300EEDF14 /* AppDelegate.swift */; };
		31751B5A2444E0E400EEDF14 /* Assets.xcassets in Resources */ = {isa = PBXBuildFile; fileRef = 31751B592444E0E400EEDF14 /* Assets.xcassets */; };
		31751B5D2444E0E400EEDF14 /* MainMenu.xib in Resources */ = {isa = PBXBuildFile; fileRef = 31751B5B2444E0E400EEDF14 /* MainMenu.xib */; };
		31751B692444E0E400EEDF14 /* MorphicConfiguratorTests.swift in Sources */ = {isa = PBXBuildFile; fileRef = 31751B682444E0E400EEDF14 /* MorphicConfiguratorTests.swift */; };
		31751B742444E0E400EEDF14 /* MorphicConfiguratorUITests.swift in Sources */ = {isa = PBXBuildFile; fileRef = 31751B732444E0E400EEDF14 /* MorphicConfiguratorUITests.swift */; };
		31751B822444E11600EEDF14 /* Local.xcconfig in Resources */ = {isa = PBXBuildFile; fileRef = 31751B7F2444E11500EEDF14 /* Local.xcconfig */; };
		31751B832444E11600EEDF14 /* Release.xcconfig in Resources */ = {isa = PBXBuildFile; fileRef = 31751B802444E11600EEDF14 /* Release.xcconfig */; };
		31751B842444E11600EEDF14 /* Debug.xcconfig in Resources */ = {isa = PBXBuildFile; fileRef = 31751B812444E11600EEDF14 /* Debug.xcconfig */; };
		31751B852444E15F00EEDF14 /* MorphicCore.framework in Frameworks */ = {isa = PBXBuildFile; fileRef = 31751B472444E04300EEDF14 /* MorphicCore.framework */; };
		31751B862444E15F00EEDF14 /* MorphicCore.framework in Embed Frameworks */ = {isa = PBXBuildFile; fileRef = 31751B472444E04300EEDF14 /* MorphicCore.framework */; settings = {ATTRIBUTES = (CodeSignOnCopy, RemoveHeadersOnCopy, ); }; };
		31751B872444E15F00EEDF14 /* MorphicService.framework in Frameworks */ = {isa = PBXBuildFile; fileRef = 31751B482444E04300EEDF14 /* MorphicService.framework */; };
		31751B882444E15F00EEDF14 /* MorphicService.framework in Embed Frameworks */ = {isa = PBXBuildFile; fileRef = 31751B482444E04300EEDF14 /* MorphicService.framework */; settings = {ATTRIBUTES = (CodeSignOnCopy, RemoveHeadersOnCopy, ); }; };
		31751B892444E15F00EEDF14 /* MorphicSettings.framework in Frameworks */ = {isa = PBXBuildFile; fileRef = 31751B492444E04300EEDF14 /* MorphicSettings.framework */; };
		31751B8A2444E15F00EEDF14 /* MorphicSettings.framework in Embed Frameworks */ = {isa = PBXBuildFile; fileRef = 31751B492444E04300EEDF14 /* MorphicSettings.framework */; settings = {ATTRIBUTES = (CodeSignOnCopy, RemoveHeadersOnCopy, ); }; };
		31751B942444F06100EEDF14 /* MorphicConfigurator.app in CopyFiles */ = {isa = PBXBuildFile; fileRef = 31751B552444E0E300EEDF14 /* MorphicConfigurator.app */; settings = {ATTRIBUTES = (RemoveHeadersOnCopy, ); }; };
		31751B982444F21700EEDF14 /* Session.swift in Sources */ = {isa = PBXBuildFile; fileRef = 31751B972444F21700EEDF14 /* Session.swift */; };
		31751B992444F21700EEDF14 /* Session.swift in Sources */ = {isa = PBXBuildFile; fileRef = 31751B972444F21700EEDF14 /* Session.swift */; };
		31751B9E2444F22900EEDF14 /* MorphicBarViewController.swift in Sources */ = {isa = PBXBuildFile; fileRef = 31751B9B2444F22900EEDF14 /* MorphicBarViewController.swift */; };
		31751B9F2444F22900EEDF14 /* MorphicBarWindow.swift in Sources */ = {isa = PBXBuildFile; fileRef = 31751B9C2444F22900EEDF14 /* MorphicBarWindow.swift */; };
		31C12CB824B1174900B617A8 /* QuickHelpContentProvider.swift in Sources */ = {isa = PBXBuildFile; fileRef = 31C12CB724B1174900B617A8 /* QuickHelpContentProvider.swift */; };
		31C12CBB24B11F5A00B617A8 /* QuickHelpVolumeViewController.swift in Sources */ = {isa = PBXBuildFile; fileRef = 31C12CB924B11F5A00B617A8 /* QuickHelpVolumeViewController.swift */; };
		31C12CBC24B11F5A00B617A8 /* QuickHelpVolumeViewController.xib in Resources */ = {isa = PBXBuildFile; fileRef = 31C12CBA24B11F5A00B617A8 /* QuickHelpVolumeViewController.xib */; };
		31C12CBE24B138D000B617A8 /* ProgressIndicator.swift in Sources */ = {isa = PBXBuildFile; fileRef = 31C12CBD24B138D000B617A8 /* ProgressIndicator.swift */; };
		31C12CC124B143A000B617A8 /* QuickHelpStepViewController.swift in Sources */ = {isa = PBXBuildFile; fileRef = 31C12CBF24B143A000B617A8 /* QuickHelpStepViewController.swift */; };
		31C12CC224B143A000B617A8 /* QuickHelpStepViewController.xib in Resources */ = {isa = PBXBuildFile; fileRef = 31C12CC024B143A000B617A8 /* QuickHelpStepViewController.xib */; };
		31C12CC424B1441E00B617A8 /* PageControl.swift in Sources */ = {isa = PBXBuildFile; fileRef = 31C12CC324B1441E00B617A8 /* PageControl.swift */; };
		31CE56F3244A3CDB00A52A7B /* QuickHelpWindow.swift in Sources */ = {isa = PBXBuildFile; fileRef = 31CE56F2244A3CDB00A52A7B /* QuickHelpWindow.swift */; };
		31CE56F5244A407000A52A7B /* QuickHelpViewController.xib in Resources */ = {isa = PBXBuildFile; fileRef = 31CE56F4244A407000A52A7B /* QuickHelpViewController.xib */; };
		31CE56F7244A408000A52A7B /* QuickHelpViewController.swift in Sources */ = {isa = PBXBuildFile; fileRef = 31CE56F6244A408000A52A7B /* QuickHelpViewController.swift */; };
		31CE56F9244A428500A52A7B /* ShadowedLabel.swift in Sources */ = {isa = PBXBuildFile; fileRef = 31CE56F8244A428500A52A7B /* ShadowedLabel.swift */; };
		31E1E17B24466D28009C4092 /* MorphicBarItem.swift in Sources */ = {isa = PBXBuildFile; fileRef = 31E1E17A24466D28009C4092 /* MorphicBarItem.swift */; };
		31E1E17D24466E7C009C4092 /* MorphicBarView.swift in Sources */ = {isa = PBXBuildFile; fileRef = 31E1E17C24466E7C009C4092 /* MorphicBarView.swift */; };
		31E1E17F24466EB0009C4092 /* MorphicBarItemViewProtocol.swift in Sources */ = {isa = PBXBuildFile; fileRef = 31E1E17E24466EB0009C4092 /* MorphicBarItemViewProtocol.swift */; };
		31E1E183244682C2009C4092 /* MorphicBarSegmentedButton.swift in Sources */ = {isa = PBXBuildFile; fileRef = 31E1E182244682C2009C4092 /* MorphicBarSegmentedButton.swift */; };
		31E1E185244683DC009C4092 /* Theme.swift in Sources */ = {isa = PBXBuildFile; fileRef = 31E1E184244683DC009C4092 /* Theme.swift */; };
		31E1E187244792D9009C4092 /* DefaultPreferences.json in Resources */ = {isa = PBXBuildFile; fileRef = 31E1E186244792D9009C4092 /* DefaultPreferences.json */; };
		31E1E188244794EF009C4092 /* MorphicBarViewController.xib in Resources */ = {isa = PBXBuildFile; fileRef = 31E1E18A244794EF009C4092 /* MorphicBarViewController.xib */; };
		9D2593DF250A830100C38DA3 /* envelope-solid.pdf in Resources */ = {isa = PBXBuildFile; fileRef = 9D2593D0250A830100C38DA3 /* envelope-solid.pdf */; };
		9D2593E0250A830100C38DA3 /* music-solid.pdf in Resources */ = {isa = PBXBuildFile; fileRef = 9D2593D1250A830100C38DA3 /* music-solid.pdf */; };
		9D2593E1250A830100C38DA3 /* google-brands.pdf in Resources */ = {isa = PBXBuildFile; fileRef = 9D2593D2250A830100C38DA3 /* google-brands.pdf */; };
		9D2593E2250A830100C38DA3 /* camera-solid.pdf in Resources */ = {isa = PBXBuildFile; fileRef = 9D2593D3250A830100C38DA3 /* camera-solid.pdf */; };
		9D2593E3250A830100C38DA3 /* calendar-solid.pdf in Resources */ = {isa = PBXBuildFile; fileRef = 9D2593D4250A830100C38DA3 /* calendar-solid.pdf */; };
		9D2593E4250A830100C38DA3 /* images-solid.pdf in Resources */ = {isa = PBXBuildFile; fileRef = 9D2593D5250A830100C38DA3 /* images-solid.pdf */; };
		9D2593E5250A830100C38DA3 /* link-solid.pdf in Resources */ = {isa = PBXBuildFile; fileRef = 9D2593D6250A830100C38DA3 /* link-solid.pdf */; };
		9D2593E6250A830100C38DA3 /* comment-solid.pdf in Resources */ = {isa = PBXBuildFile; fileRef = 9D2593D7250A830100C38DA3 /* comment-solid.pdf */; };
		9D2593E7250A830100C38DA3 /* video-solid.pdf in Resources */ = {isa = PBXBuildFile; fileRef = 9D2593D8250A830100C38DA3 /* video-solid.pdf */; };
		9D2593E8250A830100C38DA3 /* question-solid.pdf in Resources */ = {isa = PBXBuildFile; fileRef = 9D2593D9250A830100C38DA3 /* question-solid.pdf */; };
		9D2593E9250A830100C38DA3 /* skype-brands.pdf in Resources */ = {isa = PBXBuildFile; fileRef = 9D2593DA250A830100C38DA3 /* skype-brands.pdf */; };
		9D2593EA250A830100C38DA3 /* google-drive-brands.pdf in Resources */ = {isa = PBXBuildFile; fileRef = 9D2593DB250A830100C38DA3 /* google-drive-brands.pdf */; };
		9D2593EB250A830100C38DA3 /* newspaper-solid.pdf in Resources */ = {isa = PBXBuildFile; fileRef = 9D2593DC250A830100C38DA3 /* newspaper-solid.pdf */; };
		9D2593EC250A830100C38DA3 /* shopping-cart-solid.pdf in Resources */ = {isa = PBXBuildFile; fileRef = 9D2593DD250A830100C38DA3 /* shopping-cart-solid.pdf */; };
		9D2593ED250A830100C38DA3 /* amazon-brands.pdf in Resources */ = {isa = PBXBuildFile; fileRef = 9D2593DE250A830100C38DA3 /* amazon-brands.pdf */; };
		9D82576E24D31C1E00F6E932 /* AboutBoxWindowController.swift in Sources */ = {isa = PBXBuildFile; fileRef = 9D82576C24D31C1E00F6E932 /* AboutBoxWindowController.swift */; };
		9D82576F24D31C1E00F6E932 /* AboutBoxWindowController.xib in Resources */ = {isa = PBXBuildFile; fileRef = 9D82576D24D31C1E00F6E932 /* AboutBoxWindowController.xib */; };
		9D82577124D353C800F6E932 /* HyperlinkTextField.swift in Sources */ = {isa = PBXBuildFile; fileRef = 9D82577024D353C800F6E932 /* HyperlinkTextField.swift */; };
		9D8CEB132507AECF001276E4 /* MorphicBarButtonItemIcon.swift in Sources */ = {isa = PBXBuildFile; fileRef = 9D8CEB122507AECF001276E4 /* MorphicBarButtonItemIcon.swift */; };
		9D8CEB152507AED7001276E4 /* MorphicBarButtonItemView.swift in Sources */ = {isa = PBXBuildFile; fileRef = 9D8CEB142507AED7001276E4 /* MorphicBarButtonItemView.swift */; };
		9DDAE61025094C4F0072C711 /* MorphicBarSegmentedButtonItemView.swift in Sources */ = {isa = PBXBuildFile; fileRef = 9DDAE60F25094C4F0072C711 /* MorphicBarSegmentedButtonItemView.swift */; };
		FFD2E789251B3214001AD276 /* PermissionsGuidanceWindowController.swift in Sources */ = {isa = PBXBuildFile; fileRef = FF149309250F4FD80099C2C0 /* PermissionsGuidanceWindowController.swift */; };
		FFD2E78E251B321A001AD276 /* PermissionsGuidanceWindow.xib in Resources */ = {isa = PBXBuildFile; fileRef = FFDB71D8251193F5003FFE0A /* PermissionsGuidanceWindow.xib */; };
		FFD2E79C2520BA86001AD276 /* PermissionsGuidanceSystem.swift in Sources */ = {isa = PBXBuildFile; fileRef = FFD2E79B2520BA85001AD276 /* PermissionsGuidanceSystem.swift */; };
		FFD2E7A22520EF86001AD276 /* PermissionsSuccessWindow.xib in Resources */ = {isa = PBXBuildFile; fileRef = FFD2E7A12520EF86001AD276 /* PermissionsSuccessWindow.xib */; };
		FFD2E7A82520EFC0001AD276 /* PermissionsReminderWindow.xib in Resources */ = {isa = PBXBuildFile; fileRef = FFD2E7A72520EFC0001AD276 /* PermissionsReminderWindow.xib */; };
		FFD2E7AE252107D2001AD276 /* PermissionsSuccessWindowController.swift in Sources */ = {isa = PBXBuildFile; fileRef = FFD2E7AD252107D2001AD276 /* PermissionsSuccessWindowController.swift */; };
		FFD2E7B4252107E9001AD276 /* PermissionsReminderWindowController.swift in Sources */ = {isa = PBXBuildFile; fileRef = FFD2E7B3252107E9001AD276 /* PermissionsReminderWindowController.swift */; };
/* End PBXBuildFile section */

/* Begin PBXContainerItemProxy section */
		31751B1A2444DE8B00EEDF14 /* PBXContainerItemProxy */ = {
			isa = PBXContainerItemProxy;
			containerPortal = 31751B012444DE8900EEDF14 /* Project object */;
			proxyType = 1;
			remoteGlobalIDString = 31751B082444DE8900EEDF14;
			remoteInfo = Morphic;
		};
		31751B252444DE8B00EEDF14 /* PBXContainerItemProxy */ = {
			isa = PBXContainerItemProxy;
			containerPortal = 31751B012444DE8900EEDF14 /* Project object */;
			proxyType = 1;
			remoteGlobalIDString = 31751B082444DE8900EEDF14;
			remoteInfo = Morphic;
		};
		31751B652444E0E400EEDF14 /* PBXContainerItemProxy */ = {
			isa = PBXContainerItemProxy;
			containerPortal = 31751B012444DE8900EEDF14 /* Project object */;
			proxyType = 1;
			remoteGlobalIDString = 31751B542444E0E300EEDF14;
			remoteInfo = MorphicConfigurator;
		};
		31751B702444E0E400EEDF14 /* PBXContainerItemProxy */ = {
			isa = PBXContainerItemProxy;
			containerPortal = 31751B012444DE8900EEDF14 /* Project object */;
			proxyType = 1;
			remoteGlobalIDString = 31751B542444E0E300EEDF14;
			remoteInfo = MorphicConfigurator;
		};
		31751B952444F0CA00EEDF14 /* PBXContainerItemProxy */ = {
			isa = PBXContainerItemProxy;
			containerPortal = 31751B012444DE8900EEDF14 /* Project object */;
			proxyType = 1;
			remoteGlobalIDString = 31751B542444E0E300EEDF14;
			remoteInfo = MorphicConfigurator;
		};
/* End PBXContainerItemProxy section */

/* Begin PBXCopyFilesBuildPhase section */
		31751B502444E04300EEDF14 /* Embed Frameworks */ = {
			isa = PBXCopyFilesBuildPhase;
			buildActionMask = 2147483647;
			dstPath = "";
			dstSubfolderSpec = 10;
			files = (
				31751B4B2444E04300EEDF14 /* MorphicCore.framework in Embed Frameworks */,
				31751B4F2444E04300EEDF14 /* MorphicSettings.framework in Embed Frameworks */,
				31751B4D2444E04300EEDF14 /* MorphicService.framework in Embed Frameworks */,
			);
			name = "Embed Frameworks";
			runOnlyForDeploymentPostprocessing = 0;
		};
		31751B8B2444E15F00EEDF14 /* Embed Frameworks */ = {
			isa = PBXCopyFilesBuildPhase;
			buildActionMask = 2147483647;
			dstPath = "";
			dstSubfolderSpec = 10;
			files = (
				31751B862444E15F00EEDF14 /* MorphicCore.framework in Embed Frameworks */,
				31751B8A2444E15F00EEDF14 /* MorphicSettings.framework in Embed Frameworks */,
				31751B882444E15F00EEDF14 /* MorphicService.framework in Embed Frameworks */,
			);
			name = "Embed Frameworks";
			runOnlyForDeploymentPostprocessing = 0;
		};
		31751B932444F03900EEDF14 /* CopyFiles */ = {
			isa = PBXCopyFilesBuildPhase;
			buildActionMask = 2147483647;
			dstPath = Contents/Library;
			dstSubfolderSpec = 1;
			files = (
				31751B942444F06100EEDF14 /* MorphicConfigurator.app in CopyFiles */,
			);
			runOnlyForDeploymentPostprocessing = 0;
		};
/* End PBXCopyFilesBuildPhase section */

/* Begin PBXFileReference section */
		3103973F24B15DB600F5AA84 /* CustomCursorButton.swift */ = {isa = PBXFileReference; lastKnownFileType = sourcecode.swift; path = CustomCursorButton.swift; sourceTree = "<group>"; };
		3103974324B1702800F5AA84 /* PageViewController.xib */ = {isa = PBXFileReference; lastKnownFileType = file.xib; path = PageViewController.xib; sourceTree = "<group>"; };
		3130B0EA24A41A05003864DD /* LoginWindow.xib */ = {isa = PBXFileReference; lastKnownFileType = file.xib; path = LoginWindow.xib; sourceTree = "<group>"; };
		3130B0EC24A41CCF003864DD /* CaptureWindow.xib */ = {isa = PBXFileReference; lastKnownFileType = file.xib; path = CaptureWindow.xib; sourceTree = "<group>"; };
		3130B0EE24A41E8D003864DD /* LoginWindowController.swift */ = {isa = PBXFileReference; lastKnownFileType = sourcecode.swift; path = LoginWindowController.swift; sourceTree = "<group>"; };
		3130B0F024A41FA6003864DD /* CaptureWindowController.swift */ = {isa = PBXFileReference; lastKnownFileType = sourcecode.swift; path = CaptureWindowController.swift; sourceTree = "<group>"; };
		3130B0F424A42006003864DD /* PageViewController.swift */ = {isa = PBXFileReference; lastKnownFileType = sourcecode.swift; path = PageViewController.swift; sourceTree = "<group>"; };
		3130B0F624A42020003864DD /* CaptureViewController.swift */ = {isa = PBXFileReference; lastKnownFileType = sourcecode.swift; path = CaptureViewController.swift; sourceTree = "<group>"; };
		3130B0F724A42020003864DD /* CaptureViewController.xib */ = {isa = PBXFileReference; lastKnownFileType = file.xib; path = CaptureViewController.xib; sourceTree = "<group>"; };
		3130B0FA24A4202E003864DD /* CreateAccountViewController.swift */ = {isa = PBXFileReference; lastKnownFileType = sourcecode.swift; path = CreateAccountViewController.swift; sourceTree = "<group>"; };
		3130B0FB24A4202E003864DD /* CreateAccountViewController.xib */ = {isa = PBXFileReference; lastKnownFileType = file.xib; path = CreateAccountViewController.xib; sourceTree = "<group>"; };
		3130B0FE24A42037003864DD /* DoneViewController.swift */ = {isa = PBXFileReference; lastKnownFileType = sourcecode.swift; path = DoneViewController.swift; sourceTree = "<group>"; };
		3130B0FF24A42037003864DD /* DoneViewController.xib */ = {isa = PBXFileReference; lastKnownFileType = file.xib; path = DoneViewController.xib; sourceTree = "<group>"; };
		314EB6DA24A697C300CF3D48 /* macos.solutions.json */ = {isa = PBXFileReference; lastKnownFileType = text.json; path = macos.solutions.json; sourceTree = "<group>"; };
		31751B092444DE8900EEDF14 /* Morphic.app */ = {isa = PBXFileReference; explicitFileType = wrapper.application; includeInIndex = 0; path = Morphic.app; sourceTree = BUILT_PRODUCTS_DIR; };
		31751B0C2444DE8900EEDF14 /* AppDelegate.swift */ = {isa = PBXFileReference; lastKnownFileType = sourcecode.swift; path = AppDelegate.swift; sourceTree = "<group>"; };
		31751B0E2444DE8B00EEDF14 /* Assets.xcassets */ = {isa = PBXFileReference; lastKnownFileType = folder.assetcatalog; path = Assets.xcassets; sourceTree = "<group>"; };
		31751B132444DE8B00EEDF14 /* Info.plist */ = {isa = PBXFileReference; lastKnownFileType = text.plist.xml; path = Info.plist; sourceTree = "<group>"; };
		31751B142444DE8B00EEDF14 /* MorphicDebug.entitlements */ = {isa = PBXFileReference; lastKnownFileType = text.plist.entitlements; path = MorphicDebug.entitlements; sourceTree = "<group>"; };
		31751B192444DE8B00EEDF14 /* MorphicTests.xctest */ = {isa = PBXFileReference; explicitFileType = wrapper.cfbundle; includeInIndex = 0; path = MorphicTests.xctest; sourceTree = BUILT_PRODUCTS_DIR; };
		31751B1D2444DE8B00EEDF14 /* MorphicTests.swift */ = {isa = PBXFileReference; lastKnownFileType = sourcecode.swift; path = MorphicTests.swift; sourceTree = "<group>"; };
		31751B1F2444DE8B00EEDF14 /* Info.plist */ = {isa = PBXFileReference; lastKnownFileType = text.plist.xml; path = Info.plist; sourceTree = "<group>"; };
		31751B242444DE8B00EEDF14 /* MorphicUITests.xctest */ = {isa = PBXFileReference; explicitFileType = wrapper.cfbundle; includeInIndex = 0; path = MorphicUITests.xctest; sourceTree = BUILT_PRODUCTS_DIR; };
		31751B282444DE8B00EEDF14 /* MorphicUITests.swift */ = {isa = PBXFileReference; lastKnownFileType = sourcecode.swift; path = MorphicUITests.swift; sourceTree = "<group>"; };
		31751B2A2444DE8B00EEDF14 /* Info.plist */ = {isa = PBXFileReference; lastKnownFileType = text.plist.xml; path = Info.plist; sourceTree = "<group>"; };
		31751B3B2444DFAA00EEDF14 /* Base */ = {isa = PBXFileReference; lastKnownFileType = file.xib; name = Base; path = Base.lproj/Main.xib; sourceTree = "<group>"; };
		31751B472444E04300EEDF14 /* MorphicCore.framework */ = {isa = PBXFileReference; explicitFileType = wrapper.framework; path = MorphicCore.framework; sourceTree = BUILT_PRODUCTS_DIR; };
		31751B482444E04300EEDF14 /* MorphicService.framework */ = {isa = PBXFileReference; explicitFileType = wrapper.framework; path = MorphicService.framework; sourceTree = BUILT_PRODUCTS_DIR; };
		31751B492444E04300EEDF14 /* MorphicSettings.framework */ = {isa = PBXFileReference; explicitFileType = wrapper.framework; path = MorphicSettings.framework; sourceTree = BUILT_PRODUCTS_DIR; };
		31751B552444E0E300EEDF14 /* MorphicConfigurator.app */ = {isa = PBXFileReference; explicitFileType = wrapper.application; includeInIndex = 0; path = MorphicConfigurator.app; sourceTree = BUILT_PRODUCTS_DIR; };
		31751B572444E0E300EEDF14 /* AppDelegate.swift */ = {isa = PBXFileReference; lastKnownFileType = sourcecode.swift; path = AppDelegate.swift; sourceTree = "<group>"; };
		31751B592444E0E400EEDF14 /* Assets.xcassets */ = {isa = PBXFileReference; lastKnownFileType = folder.assetcatalog; path = Assets.xcassets; sourceTree = "<group>"; };
		31751B5C2444E0E400EEDF14 /* Base */ = {isa = PBXFileReference; lastKnownFileType = file.xib; name = Base; path = Base.lproj/MainMenu.xib; sourceTree = "<group>"; };
		31751B5E2444E0E400EEDF14 /* Info.plist */ = {isa = PBXFileReference; lastKnownFileType = text.plist.xml; path = Info.plist; sourceTree = "<group>"; };
		31751B5F2444E0E400EEDF14 /* MorphicConfiguratorDebug.entitlements */ = {isa = PBXFileReference; lastKnownFileType = text.plist.entitlements; path = MorphicConfiguratorDebug.entitlements; sourceTree = "<group>"; };
		31751B642444E0E400EEDF14 /* MorphicConfiguratorTests.xctest */ = {isa = PBXFileReference; explicitFileType = wrapper.cfbundle; includeInIndex = 0; path = MorphicConfiguratorTests.xctest; sourceTree = BUILT_PRODUCTS_DIR; };
		31751B682444E0E400EEDF14 /* MorphicConfiguratorTests.swift */ = {isa = PBXFileReference; lastKnownFileType = sourcecode.swift; path = MorphicConfiguratorTests.swift; sourceTree = "<group>"; };
		31751B6A2444E0E400EEDF14 /* Info.plist */ = {isa = PBXFileReference; lastKnownFileType = text.plist.xml; path = Info.plist; sourceTree = "<group>"; };
		31751B6F2444E0E400EEDF14 /* MorphicConfiguratorUITests.xctest */ = {isa = PBXFileReference; explicitFileType = wrapper.cfbundle; includeInIndex = 0; path = MorphicConfiguratorUITests.xctest; sourceTree = BUILT_PRODUCTS_DIR; };
		31751B732444E0E400EEDF14 /* MorphicConfiguratorUITests.swift */ = {isa = PBXFileReference; lastKnownFileType = sourcecode.swift; path = MorphicConfiguratorUITests.swift; sourceTree = "<group>"; };
		31751B752444E0E400EEDF14 /* Info.plist */ = {isa = PBXFileReference; lastKnownFileType = text.plist.xml; path = Info.plist; sourceTree = "<group>"; };
		31751B7F2444E11500EEDF14 /* Local.xcconfig */ = {isa = PBXFileReference; fileEncoding = 4; lastKnownFileType = text.xcconfig; path = Local.xcconfig; sourceTree = "<group>"; };
		31751B802444E11600EEDF14 /* Release.xcconfig */ = {isa = PBXFileReference; fileEncoding = 4; lastKnownFileType = text.xcconfig; path = Release.xcconfig; sourceTree = "<group>"; };
		31751B812444E11600EEDF14 /* Debug.xcconfig */ = {isa = PBXFileReference; fileEncoding = 4; lastKnownFileType = text.xcconfig; path = Debug.xcconfig; sourceTree = "<group>"; };
		31751B972444F21700EEDF14 /* Session.swift */ = {isa = PBXFileReference; fileEncoding = 4; lastKnownFileType = sourcecode.swift; path = Session.swift; sourceTree = "<group>"; };
		31751B9B2444F22900EEDF14 /* MorphicBarViewController.swift */ = {isa = PBXFileReference; fileEncoding = 4; lastKnownFileType = sourcecode.swift; path = MorphicBarViewController.swift; sourceTree = "<group>"; };
		31751B9C2444F22900EEDF14 /* MorphicBarWindow.swift */ = {isa = PBXFileReference; fileEncoding = 4; lastKnownFileType = sourcecode.swift; path = MorphicBarWindow.swift; sourceTree = "<group>"; };
		318744F32481A2DA00AE3954 /* CreateDiskImage.sh */ = {isa = PBXFileReference; lastKnownFileType = text.script.sh; path = CreateDiskImage.sh; sourceTree = "<group>"; };
		31C12CB724B1174900B617A8 /* QuickHelpContentProvider.swift */ = {isa = PBXFileReference; lastKnownFileType = sourcecode.swift; path = QuickHelpContentProvider.swift; sourceTree = "<group>"; };
		31C12CB924B11F5A00B617A8 /* QuickHelpVolumeViewController.swift */ = {isa = PBXFileReference; lastKnownFileType = sourcecode.swift; path = QuickHelpVolumeViewController.swift; sourceTree = "<group>"; };
		31C12CBA24B11F5A00B617A8 /* QuickHelpVolumeViewController.xib */ = {isa = PBXFileReference; lastKnownFileType = file.xib; path = QuickHelpVolumeViewController.xib; sourceTree = "<group>"; };
		31C12CBD24B138D000B617A8 /* ProgressIndicator.swift */ = {isa = PBXFileReference; lastKnownFileType = sourcecode.swift; path = ProgressIndicator.swift; sourceTree = "<group>"; };
		31C12CBF24B143A000B617A8 /* QuickHelpStepViewController.swift */ = {isa = PBXFileReference; lastKnownFileType = sourcecode.swift; path = QuickHelpStepViewController.swift; sourceTree = "<group>"; };
		31C12CC024B143A000B617A8 /* QuickHelpStepViewController.xib */ = {isa = PBXFileReference; lastKnownFileType = file.xib; path = QuickHelpStepViewController.xib; sourceTree = "<group>"; };
		31C12CC324B1441E00B617A8 /* PageControl.swift */ = {isa = PBXFileReference; lastKnownFileType = sourcecode.swift; path = PageControl.swift; sourceTree = "<group>"; };
		31CE56E92448E27400A52A7B /* en */ = {isa = PBXFileReference; lastKnownFileType = text.plist.strings; name = en; path = en.lproj/MorphicBarViewController.strings; sourceTree = "<group>"; };
		31CE56F2244A3CDB00A52A7B /* QuickHelpWindow.swift */ = {isa = PBXFileReference; lastKnownFileType = sourcecode.swift; path = QuickHelpWindow.swift; sourceTree = "<group>"; };
		31CE56F4244A407000A52A7B /* QuickHelpViewController.xib */ = {isa = PBXFileReference; lastKnownFileType = file.xib; path = QuickHelpViewController.xib; sourceTree = "<group>"; };
		31CE56F6244A408000A52A7B /* QuickHelpViewController.swift */ = {isa = PBXFileReference; lastKnownFileType = sourcecode.swift; path = QuickHelpViewController.swift; sourceTree = "<group>"; };
		31CE56F8244A428500A52A7B /* ShadowedLabel.swift */ = {isa = PBXFileReference; lastKnownFileType = sourcecode.swift; path = ShadowedLabel.swift; sourceTree = "<group>"; };
		31E1E17A24466D28009C4092 /* MorphicBarItem.swift */ = {isa = PBXFileReference; lastKnownFileType = sourcecode.swift; path = MorphicBarItem.swift; sourceTree = "<group>"; };
		31E1E17C24466E7C009C4092 /* MorphicBarView.swift */ = {isa = PBXFileReference; lastKnownFileType = sourcecode.swift; path = MorphicBarView.swift; sourceTree = "<group>"; };
		31E1E17E24466EB0009C4092 /* MorphicBarItemViewProtocol.swift */ = {isa = PBXFileReference; lastKnownFileType = sourcecode.swift; path = MorphicBarItemViewProtocol.swift; sourceTree = "<group>"; };
		31E1E182244682C2009C4092 /* MorphicBarSegmentedButton.swift */ = {isa = PBXFileReference; lastKnownFileType = sourcecode.swift; path = MorphicBarSegmentedButton.swift; sourceTree = "<group>"; };
		31E1E184244683DC009C4092 /* Theme.swift */ = {isa = PBXFileReference; lastKnownFileType = sourcecode.swift; path = Theme.swift; sourceTree = "<group>"; };
		31E1E186244792D9009C4092 /* DefaultPreferences.json */ = {isa = PBXFileReference; lastKnownFileType = text.json; path = DefaultPreferences.json; sourceTree = "<group>"; };
		31E1E189244794EF009C4092 /* Base */ = {isa = PBXFileReference; lastKnownFileType = file.xib; name = Base; path = Base.lproj/MorphicBarViewController.xib; sourceTree = "<group>"; };
		9D2593D0250A830100C38DA3 /* envelope-solid.pdf */ = {isa = PBXFileReference; lastKnownFileType = image.pdf; path = "envelope-solid.pdf"; sourceTree = "<group>"; };
		9D2593D1250A830100C38DA3 /* music-solid.pdf */ = {isa = PBXFileReference; lastKnownFileType = image.pdf; path = "music-solid.pdf"; sourceTree = "<group>"; };
		9D2593D2250A830100C38DA3 /* google-brands.pdf */ = {isa = PBXFileReference; lastKnownFileType = image.pdf; path = "google-brands.pdf"; sourceTree = "<group>"; };
		9D2593D3250A830100C38DA3 /* camera-solid.pdf */ = {isa = PBXFileReference; lastKnownFileType = image.pdf; path = "camera-solid.pdf"; sourceTree = "<group>"; };
		9D2593D4250A830100C38DA3 /* calendar-solid.pdf */ = {isa = PBXFileReference; lastKnownFileType = image.pdf; path = "calendar-solid.pdf"; sourceTree = "<group>"; };
		9D2593D5250A830100C38DA3 /* images-solid.pdf */ = {isa = PBXFileReference; lastKnownFileType = image.pdf; path = "images-solid.pdf"; sourceTree = "<group>"; };
		9D2593D6250A830100C38DA3 /* link-solid.pdf */ = {isa = PBXFileReference; lastKnownFileType = image.pdf; path = "link-solid.pdf"; sourceTree = "<group>"; };
		9D2593D7250A830100C38DA3 /* comment-solid.pdf */ = {isa = PBXFileReference; lastKnownFileType = image.pdf; path = "comment-solid.pdf"; sourceTree = "<group>"; };
		9D2593D8250A830100C38DA3 /* video-solid.pdf */ = {isa = PBXFileReference; lastKnownFileType = image.pdf; path = "video-solid.pdf"; sourceTree = "<group>"; };
		9D2593D9250A830100C38DA3 /* question-solid.pdf */ = {isa = PBXFileReference; lastKnownFileType = image.pdf; path = "question-solid.pdf"; sourceTree = "<group>"; };
		9D2593DA250A830100C38DA3 /* skype-brands.pdf */ = {isa = PBXFileReference; lastKnownFileType = image.pdf; path = "skype-brands.pdf"; sourceTree = "<group>"; };
		9D2593DB250A830100C38DA3 /* google-drive-brands.pdf */ = {isa = PBXFileReference; lastKnownFileType = image.pdf; path = "google-drive-brands.pdf"; sourceTree = "<group>"; };
		9D2593DC250A830100C38DA3 /* newspaper-solid.pdf */ = {isa = PBXFileReference; lastKnownFileType = image.pdf; path = "newspaper-solid.pdf"; sourceTree = "<group>"; };
		9D2593DD250A830100C38DA3 /* shopping-cart-solid.pdf */ = {isa = PBXFileReference; lastKnownFileType = image.pdf; path = "shopping-cart-solid.pdf"; sourceTree = "<group>"; };
		9D2593DE250A830100C38DA3 /* amazon-brands.pdf */ = {isa = PBXFileReference; lastKnownFileType = image.pdf; path = "amazon-brands.pdf"; sourceTree = "<group>"; };
		9D2593F2250EA81000C38DA3 /* MorphicRelease.entitlements */ = {isa = PBXFileReference; lastKnownFileType = text.plist.entitlements; path = MorphicRelease.entitlements; sourceTree = "<group>"; };
		9D2593F3250EA87E00C38DA3 /* MorphicConfiguratorRelease.entitlements */ = {isa = PBXFileReference; lastKnownFileType = text.plist.entitlements; path = MorphicConfiguratorRelease.entitlements; sourceTree = "<group>"; };
		9D82576C24D31C1E00F6E932 /* AboutBoxWindowController.swift */ = {isa = PBXFileReference; lastKnownFileType = sourcecode.swift; path = AboutBoxWindowController.swift; sourceTree = "<group>"; };
		9D82576D24D31C1E00F6E932 /* AboutBoxWindowController.xib */ = {isa = PBXFileReference; lastKnownFileType = file.xib; path = AboutBoxWindowController.xib; sourceTree = "<group>"; };
		9D82577024D353C800F6E932 /* HyperlinkTextField.swift */ = {isa = PBXFileReference; lastKnownFileType = sourcecode.swift; path = HyperlinkTextField.swift; sourceTree = "<group>"; };
		9D8CEB122507AECF001276E4 /* MorphicBarButtonItemIcon.swift */ = {isa = PBXFileReference; lastKnownFileType = sourcecode.swift; path = MorphicBarButtonItemIcon.swift; sourceTree = "<group>"; };
		9D8CEB142507AED7001276E4 /* MorphicBarButtonItemView.swift */ = {isa = PBXFileReference; lastKnownFileType = sourcecode.swift; path = MorphicBarButtonItemView.swift; sourceTree = "<group>"; };
		9DDAE60F25094C4F0072C711 /* MorphicBarSegmentedButtonItemView.swift */ = {isa = PBXFileReference; lastKnownFileType = sourcecode.swift; path = MorphicBarSegmentedButtonItemView.swift; sourceTree = "<group>"; };
		FF149309250F4FD80099C2C0 /* PermissionsGuidanceWindowController.swift */ = {isa = PBXFileReference; lastKnownFileType = sourcecode.swift; path = PermissionsGuidanceWindowController.swift; sourceTree = "<group>"; };
		FFD2E79B2520BA85001AD276 /* PermissionsGuidanceSystem.swift */ = {isa = PBXFileReference; lastKnownFileType = sourcecode.swift; path = PermissionsGuidanceSystem.swift; sourceTree = "<group>"; };
		FFD2E7A12520EF86001AD276 /* PermissionsSuccessWindow.xib */ = {isa = PBXFileReference; lastKnownFileType = file.xib; path = PermissionsSuccessWindow.xib; sourceTree = "<group>"; };
		FFD2E7A72520EFC0001AD276 /* PermissionsReminderWindow.xib */ = {isa = PBXFileReference; lastKnownFileType = file.xib; path = PermissionsReminderWindow.xib; sourceTree = "<group>"; };
		FFD2E7AD252107D2001AD276 /* PermissionsSuccessWindowController.swift */ = {isa = PBXFileReference; lastKnownFileType = sourcecode.swift; path = PermissionsSuccessWindowController.swift; sourceTree = "<group>"; };
		FFD2E7B3252107E9001AD276 /* PermissionsReminderWindowController.swift */ = {isa = PBXFileReference; lastKnownFileType = sourcecode.swift; path = PermissionsReminderWindowController.swift; sourceTree = "<group>"; };
		FFDB71D8251193F5003FFE0A /* PermissionsGuidanceWindow.xib */ = {isa = PBXFileReference; lastKnownFileType = file.xib; path = PermissionsGuidanceWindow.xib; sourceTree = "<group>"; };
/* End PBXFileReference section */

/* Begin PBXFrameworksBuildPhase section */
		31751B062444DE8900EEDF14 /* Frameworks */ = {
			isa = PBXFrameworksBuildPhase;
			buildActionMask = 2147483647;
			files = (
				31751B4A2444E04300EEDF14 /* MorphicCore.framework in Frameworks */,
				31751B4E2444E04300EEDF14 /* MorphicSettings.framework in Frameworks */,
				31751B4C2444E04300EEDF14 /* MorphicService.framework in Frameworks */,
			);
			runOnlyForDeploymentPostprocessing = 0;
		};
		31751B162444DE8B00EEDF14 /* Frameworks */ = {
			isa = PBXFrameworksBuildPhase;
			buildActionMask = 2147483647;
			files = (
			);
			runOnlyForDeploymentPostprocessing = 0;
		};
		31751B212444DE8B00EEDF14 /* Frameworks */ = {
			isa = PBXFrameworksBuildPhase;
			buildActionMask = 2147483647;
			files = (
			);
			runOnlyForDeploymentPostprocessing = 0;
		};
		31751B522444E0E300EEDF14 /* Frameworks */ = {
			isa = PBXFrameworksBuildPhase;
			buildActionMask = 2147483647;
			files = (
				31751B852444E15F00EEDF14 /* MorphicCore.framework in Frameworks */,
				31751B892444E15F00EEDF14 /* MorphicSettings.framework in Frameworks */,
				31751B872444E15F00EEDF14 /* MorphicService.framework in Frameworks */,
			);
			runOnlyForDeploymentPostprocessing = 0;
		};
		31751B612444E0E400EEDF14 /* Frameworks */ = {
			isa = PBXFrameworksBuildPhase;
			buildActionMask = 2147483647;
			files = (
			);
			runOnlyForDeploymentPostprocessing = 0;
		};
		31751B6C2444E0E400EEDF14 /* Frameworks */ = {
			isa = PBXFrameworksBuildPhase;
			buildActionMask = 2147483647;
			files = (
			);
			runOnlyForDeploymentPostprocessing = 0;
		};
/* End PBXFrameworksBuildPhase section */

/* Begin PBXGroup section */
		3130B0F224A41FB0003864DD /* Login */ = {
			isa = PBXGroup;
			children = (
				3130B0EE24A41E8D003864DD /* LoginWindowController.swift */,
				3130B0EA24A41A05003864DD /* LoginWindow.xib */,
				3103973F24B15DB600F5AA84 /* CustomCursorButton.swift */,
			);
			path = Login;
			sourceTree = "<group>";
		};
		3130B0F324A41FBB003864DD /* Capture */ = {
			isa = PBXGroup;
			children = (
				3130B0F024A41FA6003864DD /* CaptureWindowController.swift */,
				3130B0EC24A41CCF003864DD /* CaptureWindow.xib */,
				3130B0F424A42006003864DD /* PageViewController.swift */,
				3103974324B1702800F5AA84 /* PageViewController.xib */,
				3130B0F624A42020003864DD /* CaptureViewController.swift */,
				3130B0F724A42020003864DD /* CaptureViewController.xib */,
				3130B0FA24A4202E003864DD /* CreateAccountViewController.swift */,
				3130B0FB24A4202E003864DD /* CreateAccountViewController.xib */,
				3130B0FE24A42037003864DD /* DoneViewController.swift */,
				3130B0FF24A42037003864DD /* DoneViewController.xib */,
			);
			path = Capture;
			sourceTree = "<group>";
		};
		314EB6D924A6978200CF3D48 /* Solutions */ = {
			isa = PBXGroup;
			children = (
				314EB6DA24A697C300CF3D48 /* macos.solutions.json */,
			);
			path = Solutions;
			sourceTree = "<group>";
		};
		31751B002444DE8900EEDF14 = {
			isa = PBXGroup;
			children = (
				31751B7F2444E11500EEDF14 /* Local.xcconfig */,
				31751B812444E11600EEDF14 /* Debug.xcconfig */,
				31751B802444E11600EEDF14 /* Release.xcconfig */,
				31751B0B2444DE8900EEDF14 /* Morphic */,
				31751B562444E0E300EEDF14 /* MorphicConfigurator */,
				31751B1C2444DE8B00EEDF14 /* MorphicTests */,
				31751B272444DE8B00EEDF14 /* MorphicUITests */,
				31751B672444E0E400EEDF14 /* MorphicConfiguratorTests */,
				31751B722444E0E400EEDF14 /* MorphicConfiguratorUITests */,
				31751B0A2444DE8900EEDF14 /* Products */,
				31751B462444E04300EEDF14 /* Frameworks */,
			);
			sourceTree = "<group>";
		};
		31751B0A2444DE8900EEDF14 /* Products */ = {
			isa = PBXGroup;
			children = (
				31751B092444DE8900EEDF14 /* Morphic.app */,
				31751B192444DE8B00EEDF14 /* MorphicTests.xctest */,
				31751B242444DE8B00EEDF14 /* MorphicUITests.xctest */,
				31751B552444E0E300EEDF14 /* MorphicConfigurator.app */,
				31751B642444E0E400EEDF14 /* MorphicConfiguratorTests.xctest */,
				31751B6F2444E0E400EEDF14 /* MorphicConfiguratorUITests.xctest */,
			);
			name = Products;
			sourceTree = "<group>";
		};
		31751B0B2444DE8900EEDF14 /* Morphic */ = {
			isa = PBXGroup;
			children = (
				31751B132444DE8B00EEDF14 /* Info.plist */,
				31751B142444DE8B00EEDF14 /* MorphicDebug.entitlements */,
				9D2593F2250EA81000C38DA3 /* MorphicRelease.entitlements */,
				31751B0E2444DE8B00EEDF14 /* Assets.xcassets */,
				31751B3A2444DFAA00EEDF14 /* Main.xib */,
				31751B0C2444DE8900EEDF14 /* AppDelegate.swift */,
				31751B972444F21700EEDF14 /* Session.swift */,
				31E1E184244683DC009C4092 /* Theme.swift */,
				31E1E186244792D9009C4092 /* DefaultPreferences.json */,
				9D82576724D3160600F6E932 /* About Box */,
				31751B3F2444E01B00EEDF14 /* MorphicBar */,
				31CE56EC244A3C9800A52A7B /* Help Window */,
				FF149308250F36100099C2C0 /* Permissions Guidance */,
				314EB6D924A6978200CF3D48 /* Solutions */,
				318744F32481A2DA00AE3954 /* CreateDiskImage.sh */,
			);
			path = Morphic;
			sourceTree = "<group>";
		};
		31751B1C2444DE8B00EEDF14 /* MorphicTests */ = {
			isa = PBXGroup;
			children = (
				31751B1D2444DE8B00EEDF14 /* MorphicTests.swift */,
				31751B1F2444DE8B00EEDF14 /* Info.plist */,
			);
			path = MorphicTests;
			sourceTree = "<group>";
		};
		31751B272444DE8B00EEDF14 /* MorphicUITests */ = {
			isa = PBXGroup;
			children = (
				31751B282444DE8B00EEDF14 /* MorphicUITests.swift */,
				31751B2A2444DE8B00EEDF14 /* Info.plist */,
			);
			path = MorphicUITests;
			sourceTree = "<group>";
		};
		31751B3F2444E01B00EEDF14 /* MorphicBar */ = {
			isa = PBXGroup;
			children = (
				9D2593CE250A82D200C38DA3 /* Assets */,
				9DDAE61125094C720072C711 /* MorphicBarItemViews */,
				31E1E17A24466D28009C4092 /* MorphicBarItem.swift */,
				31751B9C2444F22900EEDF14 /* MorphicBarWindow.swift */,
				31E1E18A244794EF009C4092 /* MorphicBarViewController.xib */,
				31751B9B2444F22900EEDF14 /* MorphicBarViewController.swift */,
				31E1E17C24466E7C009C4092 /* MorphicBarView.swift */,
			);
			path = MorphicBar;
			sourceTree = "<group>";
		};
		31751B462444E04300EEDF14 /* Frameworks */ = {
			isa = PBXGroup;
			children = (
				31751B472444E04300EEDF14 /* MorphicCore.framework */,
				31751B482444E04300EEDF14 /* MorphicService.framework */,
				31751B492444E04300EEDF14 /* MorphicSettings.framework */,
			);
			name = Frameworks;
			sourceTree = "<group>";
		};
		31751B562444E0E300EEDF14 /* MorphicConfigurator */ = {
			isa = PBXGroup;
			children = (
				31751B5E2444E0E400EEDF14 /* Info.plist */,
				31751B5F2444E0E400EEDF14 /* MorphicConfiguratorDebug.entitlements */,
				9D2593F3250EA87E00C38DA3 /* MorphicConfiguratorRelease.entitlements */,
				31751B592444E0E400EEDF14 /* Assets.xcassets */,
				31751B5B2444E0E400EEDF14 /* MainMenu.xib */,
				31751B572444E0E300EEDF14 /* AppDelegate.swift */,
				3130B0F224A41FB0003864DD /* Login */,
				3130B0F324A41FBB003864DD /* Capture */,
			);
			path = MorphicConfigurator;
			sourceTree = "<group>";
		};
		31751B672444E0E400EEDF14 /* MorphicConfiguratorTests */ = {
			isa = PBXGroup;
			children = (
				31751B682444E0E400EEDF14 /* MorphicConfiguratorTests.swift */,
				31751B6A2444E0E400EEDF14 /* Info.plist */,
			);
			path = MorphicConfiguratorTests;
			sourceTree = "<group>";
		};
		31751B722444E0E400EEDF14 /* MorphicConfiguratorUITests */ = {
			isa = PBXGroup;
			children = (
				31751B732444E0E400EEDF14 /* MorphicConfiguratorUITests.swift */,
				31751B752444E0E400EEDF14 /* Info.plist */,
			);
			path = MorphicConfiguratorUITests;
			sourceTree = "<group>";
		};
		31CE56EC244A3C9800A52A7B /* Help Window */ = {
			isa = PBXGroup;
			children = (
				31CE56F2244A3CDB00A52A7B /* QuickHelpWindow.swift */,
				31CE56F4244A407000A52A7B /* QuickHelpViewController.xib */,
				31CE56F6244A408000A52A7B /* QuickHelpViewController.swift */,
				31CE56F8244A428500A52A7B /* ShadowedLabel.swift */,
				31C12CB724B1174900B617A8 /* QuickHelpContentProvider.swift */,
				31C12CB924B11F5A00B617A8 /* QuickHelpVolumeViewController.swift */,
				31C12CBA24B11F5A00B617A8 /* QuickHelpVolumeViewController.xib */,
				31C12CBD24B138D000B617A8 /* ProgressIndicator.swift */,
				31C12CBF24B143A000B617A8 /* QuickHelpStepViewController.swift */,
				31C12CC024B143A000B617A8 /* QuickHelpStepViewController.xib */,
				31C12CC324B1441E00B617A8 /* PageControl.swift */,
			);
			path = "Help Window";
			sourceTree = "<group>";
		};
		9D2593CE250A82D200C38DA3 /* Assets */ = {
			isa = PBXGroup;
			children = (
				9D2593CF250A82DE00C38DA3 /* Icons */,
			);
			path = Assets;
			sourceTree = "<group>";
		};
		9D2593CF250A82DE00C38DA3 /* Icons */ = {
			isa = PBXGroup;
			children = (
				9D2593DE250A830100C38DA3 /* amazon-brands.pdf */,
				9D2593D4250A830100C38DA3 /* calendar-solid.pdf */,
				9D2593D3250A830100C38DA3 /* camera-solid.pdf */,
				9D2593D7250A830100C38DA3 /* comment-solid.pdf */,
				9D2593D0250A830100C38DA3 /* envelope-solid.pdf */,
				9D2593D2250A830100C38DA3 /* google-brands.pdf */,
				9D2593DB250A830100C38DA3 /* google-drive-brands.pdf */,
				9D2593D5250A830100C38DA3 /* images-solid.pdf */,
				9D2593D6250A830100C38DA3 /* link-solid.pdf */,
				9D2593D1250A830100C38DA3 /* music-solid.pdf */,
				9D2593DC250A830100C38DA3 /* newspaper-solid.pdf */,
				9D2593D9250A830100C38DA3 /* question-solid.pdf */,
				9D2593DD250A830100C38DA3 /* shopping-cart-solid.pdf */,
				9D2593DA250A830100C38DA3 /* skype-brands.pdf */,
				9D2593D8250A830100C38DA3 /* video-solid.pdf */,
			);
			path = Icons;
			sourceTree = "<group>";
		};
		9D82576724D3160600F6E932 /* About Box */ = {
			isa = PBXGroup;
			children = (
				9D82576C24D31C1E00F6E932 /* AboutBoxWindowController.swift */,
				9D82576D24D31C1E00F6E932 /* AboutBoxWindowController.xib */,
				9D82577024D353C800F6E932 /* HyperlinkTextField.swift */,
			);
			path = "About Box";
			sourceTree = "<group>";
		};
		9DDAE61125094C720072C711 /* MorphicBarItemViews */ = {
			isa = PBXGroup;
			children = (
				9DDAE61325094D760072C711 /* MorphicBarButtonItem */,
				9DDAE61225094D6A0072C711 /* MorphicBarSegmentedButton */,
				31E1E17E24466EB0009C4092 /* MorphicBarItemViewProtocol.swift */,
			);
			path = MorphicBarItemViews;
			sourceTree = "<group>";
		};
		9DDAE61225094D6A0072C711 /* MorphicBarSegmentedButton */ = {
			isa = PBXGroup;
			children = (
				9DDAE60F25094C4F0072C711 /* MorphicBarSegmentedButtonItemView.swift */,
				31E1E182244682C2009C4092 /* MorphicBarSegmentedButton.swift */,
			);
			path = MorphicBarSegmentedButton;
			sourceTree = "<group>";
		};
		9DDAE61325094D760072C711 /* MorphicBarButtonItem */ = {
			isa = PBXGroup;
			children = (
				9D8CEB122507AECF001276E4 /* MorphicBarButtonItemIcon.swift */,
				9D8CEB142507AED7001276E4 /* MorphicBarButtonItemView.swift */,
			);
			path = MorphicBarButtonItem;
			sourceTree = "<group>";
		};
		FF149308250F36100099C2C0 /* Permissions Guidance */ = {
			isa = PBXGroup;
			children = (
				FFD2E79B2520BA85001AD276 /* PermissionsGuidanceSystem.swift */,
				FFDB71D8251193F5003FFE0A /* PermissionsGuidanceWindow.xib */,
				FF149309250F4FD80099C2C0 /* PermissionsGuidanceWindowController.swift */,
				FFD2E7A72520EFC0001AD276 /* PermissionsReminderWindow.xib */,
				FFD2E7B3252107E9001AD276 /* PermissionsReminderWindowController.swift */,
				FFD2E7A12520EF86001AD276 /* PermissionsSuccessWindow.xib */,
				FFD2E7AD252107D2001AD276 /* PermissionsSuccessWindowController.swift */,
			);
			path = "Permissions Guidance";
			sourceTree = "<group>";
		};
/* End PBXGroup section */

/* Begin PBXNativeTarget section */
		31751B082444DE8900EEDF14 /* Morphic */ = {
			isa = PBXNativeTarget;
			buildConfigurationList = 31751B2D2444DE8B00EEDF14 /* Build configuration list for PBXNativeTarget "Morphic" */;
			buildPhases = (
				31751B052444DE8900EEDF14 /* Sources */,
				31751B062444DE8900EEDF14 /* Frameworks */,
				31751B072444DE8900EEDF14 /* Resources */,
				31751B502444E04300EEDF14 /* Embed Frameworks */,
				31751B932444F03900EEDF14 /* CopyFiles */,
				9D0AF79024A57FC2007E177E /* ShellScript */,
				318744F52481B38C00AE3954 /* ShellScript */,
			);
			buildRules = (
			);
			dependencies = (
				31751B962444F0CA00EEDF14 /* PBXTargetDependency */,
			);
			name = Morphic;
			productName = Morphic;
			productReference = 31751B092444DE8900EEDF14 /* Morphic.app */;
			productType = "com.apple.product-type.application";
		};
		31751B182444DE8B00EEDF14 /* MorphicTests */ = {
			isa = PBXNativeTarget;
			buildConfigurationList = 31751B302444DE8B00EEDF14 /* Build configuration list for PBXNativeTarget "MorphicTests" */;
			buildPhases = (
				31751B152444DE8B00EEDF14 /* Sources */,
				31751B162444DE8B00EEDF14 /* Frameworks */,
				31751B172444DE8B00EEDF14 /* Resources */,
			);
			buildRules = (
			);
			dependencies = (
				31751B1B2444DE8B00EEDF14 /* PBXTargetDependency */,
			);
			name = MorphicTests;
			productName = MorphicTests;
			productReference = 31751B192444DE8B00EEDF14 /* MorphicTests.xctest */;
			productType = "com.apple.product-type.bundle.unit-test";
		};
		31751B232444DE8B00EEDF14 /* MorphicUITests */ = {
			isa = PBXNativeTarget;
			buildConfigurationList = 31751B332444DE8B00EEDF14 /* Build configuration list for PBXNativeTarget "MorphicUITests" */;
			buildPhases = (
				31751B202444DE8B00EEDF14 /* Sources */,
				31751B212444DE8B00EEDF14 /* Frameworks */,
				31751B222444DE8B00EEDF14 /* Resources */,
			);
			buildRules = (
			);
			dependencies = (
				31751B262444DE8B00EEDF14 /* PBXTargetDependency */,
			);
			name = MorphicUITests;
			productName = MorphicUITests;
			productReference = 31751B242444DE8B00EEDF14 /* MorphicUITests.xctest */;
			productType = "com.apple.product-type.bundle.ui-testing";
		};
		31751B542444E0E300EEDF14 /* MorphicConfigurator */ = {
			isa = PBXNativeTarget;
			buildConfigurationList = 31751B762444E0E400EEDF14 /* Build configuration list for PBXNativeTarget "MorphicConfigurator" */;
			buildPhases = (
				31751B512444E0E300EEDF14 /* Sources */,
				31751B522444E0E300EEDF14 /* Frameworks */,
				31751B532444E0E300EEDF14 /* Resources */,
				31751B8B2444E15F00EEDF14 /* Embed Frameworks */,
			);
			buildRules = (
			);
			dependencies = (
			);
			name = MorphicConfigurator;
			productName = MorphicConfigurator;
			productReference = 31751B552444E0E300EEDF14 /* MorphicConfigurator.app */;
			productType = "com.apple.product-type.application";
		};
		31751B632444E0E400EEDF14 /* MorphicConfiguratorTests */ = {
			isa = PBXNativeTarget;
			buildConfigurationList = 31751B792444E0E400EEDF14 /* Build configuration list for PBXNativeTarget "MorphicConfiguratorTests" */;
			buildPhases = (
				31751B602444E0E400EEDF14 /* Sources */,
				31751B612444E0E400EEDF14 /* Frameworks */,
				31751B622444E0E400EEDF14 /* Resources */,
			);
			buildRules = (
			);
			dependencies = (
				31751B662444E0E400EEDF14 /* PBXTargetDependency */,
			);
			name = MorphicConfiguratorTests;
			productName = MorphicConfiguratorTests;
			productReference = 31751B642444E0E400EEDF14 /* MorphicConfiguratorTests.xctest */;
			productType = "com.apple.product-type.bundle.unit-test";
		};
		31751B6E2444E0E400EEDF14 /* MorphicConfiguratorUITests */ = {
			isa = PBXNativeTarget;
			buildConfigurationList = 31751B7C2444E0E400EEDF14 /* Build configuration list for PBXNativeTarget "MorphicConfiguratorUITests" */;
			buildPhases = (
				31751B6B2444E0E400EEDF14 /* Sources */,
				31751B6C2444E0E400EEDF14 /* Frameworks */,
				31751B6D2444E0E400EEDF14 /* Resources */,
			);
			buildRules = (
			);
			dependencies = (
				31751B712444E0E400EEDF14 /* PBXTargetDependency */,
			);
			name = MorphicConfiguratorUITests;
			productName = MorphicConfiguratorUITests;
			productReference = 31751B6F2444E0E400EEDF14 /* MorphicConfiguratorUITests.xctest */;
			productType = "com.apple.product-type.bundle.ui-testing";
		};
/* End PBXNativeTarget section */

/* Begin PBXProject section */
		31751B012444DE8900EEDF14 /* Project object */ = {
			isa = PBXProject;
			attributes = {
				LastSwiftUpdateCheck = 1140;
				LastUpgradeCheck = 1150;
				ORGANIZATIONNAME = "Raising the Floor";
				TargetAttributes = {
					31751B082444DE8900EEDF14 = {
						CreatedOnToolsVersion = 11.4;
					};
					31751B182444DE8B00EEDF14 = {
						CreatedOnToolsVersion = 11.4;
						TestTargetID = 31751B082444DE8900EEDF14;
					};
					31751B232444DE8B00EEDF14 = {
						CreatedOnToolsVersion = 11.4;
						TestTargetID = 31751B082444DE8900EEDF14;
					};
					31751B542444E0E300EEDF14 = {
						CreatedOnToolsVersion = 11.4;
					};
					31751B632444E0E400EEDF14 = {
						CreatedOnToolsVersion = 11.4;
						TestTargetID = 31751B542444E0E300EEDF14;
					};
					31751B6E2444E0E400EEDF14 = {
						CreatedOnToolsVersion = 11.4;
						TestTargetID = 31751B542444E0E300EEDF14;
					};
				};
			};
			buildConfigurationList = 31751B042444DE8900EEDF14 /* Build configuration list for PBXProject "Morphic" */;
			compatibilityVersion = "Xcode 9.3";
			developmentRegion = en;
			hasScannedForEncodings = 0;
			knownRegions = (
				en,
				Base,
			);
			mainGroup = 31751B002444DE8900EEDF14;
			productRefGroup = 31751B0A2444DE8900EEDF14 /* Products */;
			projectDirPath = "";
			projectRoot = "";
			targets = (
				31751B082444DE8900EEDF14 /* Morphic */,
				31751B182444DE8B00EEDF14 /* MorphicTests */,
				31751B232444DE8B00EEDF14 /* MorphicUITests */,
				31751B542444E0E300EEDF14 /* MorphicConfigurator */,
				31751B632444E0E400EEDF14 /* MorphicConfiguratorTests */,
				31751B6E2444E0E400EEDF14 /* MorphicConfiguratorUITests */,
			);
		};
/* End PBXProject section */

/* Begin PBXResourcesBuildPhase section */
		31751B072444DE8900EEDF14 /* Resources */ = {
			isa = PBXResourcesBuildPhase;
			buildActionMask = 2147483647;
			files = (
				31C12CC224B143A000B617A8 /* QuickHelpStepViewController.xib in Resources */,
				9D2593E5250A830100C38DA3 /* link-solid.pdf in Resources */,
				9D2593EA250A830100C38DA3 /* google-drive-brands.pdf in Resources */,
				31751B822444E11600EEDF14 /* Local.xcconfig in Resources */,
				9D2593EC250A830100C38DA3 /* shopping-cart-solid.pdf in Resources */,
				9D2593E0250A830100C38DA3 /* music-solid.pdf in Resources */,
				9D2593E8250A830100C38DA3 /* question-solid.pdf in Resources */,
				9D2593E9250A830100C38DA3 /* skype-brands.pdf in Resources */,
				FFD2E7A82520EFC0001AD276 /* PermissionsReminderWindow.xib in Resources */,
				9D82576F24D31C1E00F6E932 /* AboutBoxWindowController.xib in Resources */,
				31CE56F5244A407000A52A7B /* QuickHelpViewController.xib in Resources */,
				31751B3C2444DFAA00EEDF14 /* Main.xib in Resources */,
				9D2593ED250A830100C38DA3 /* amazon-brands.pdf in Resources */,
				9D2593E1250A830100C38DA3 /* google-brands.pdf in Resources */,
				9D2593E7250A830100C38DA3 /* video-solid.pdf in Resources */,
				31E1E188244794EF009C4092 /* MorphicBarViewController.xib in Resources */,
				9D2593E3250A830100C38DA3 /* calendar-solid.pdf in Resources */,
				31751B842444E11600EEDF14 /* Debug.xcconfig in Resources */,
				9D2593E2250A830100C38DA3 /* camera-solid.pdf in Resources */,
				FFD2E78E251B321A001AD276 /* PermissionsGuidanceWindow.xib in Resources */,
				31751B0F2444DE8B00EEDF14 /* Assets.xcassets in Resources */,
				31751B832444E11600EEDF14 /* Release.xcconfig in Resources */,
				314EB6DB24A697C300CF3D48 /* macos.solutions.json in Resources */,
				31E1E187244792D9009C4092 /* DefaultPreferences.json in Resources */,
				9D2593E6250A830100C38DA3 /* comment-solid.pdf in Resources */,
				9D2593EB250A830100C38DA3 /* newspaper-solid.pdf in Resources */,
				31C12CBC24B11F5A00B617A8 /* QuickHelpVolumeViewController.xib in Resources */,
				9D2593E4250A830100C38DA3 /* images-solid.pdf in Resources */,
				9D2593DF250A830100C38DA3 /* envelope-solid.pdf in Resources */,
				FFD2E7A22520EF86001AD276 /* PermissionsSuccessWindow.xib in Resources */,
			);
			runOnlyForDeploymentPostprocessing = 0;
		};
		31751B172444DE8B00EEDF14 /* Resources */ = {
			isa = PBXResourcesBuildPhase;
			buildActionMask = 2147483647;
			files = (
			);
			runOnlyForDeploymentPostprocessing = 0;
		};
		31751B222444DE8B00EEDF14 /* Resources */ = {
			isa = PBXResourcesBuildPhase;
			buildActionMask = 2147483647;
			files = (
			);
			runOnlyForDeploymentPostprocessing = 0;
		};
		31751B532444E0E300EEDF14 /* Resources */ = {
			isa = PBXResourcesBuildPhase;
			buildActionMask = 2147483647;
			files = (
				3130B0F924A42020003864DD /* CaptureViewController.xib in Resources */,
				31751B5A2444E0E400EEDF14 /* Assets.xcassets in Resources */,
				3130B10124A42037003864DD /* DoneViewController.xib in Resources */,
				3103974424B1702800F5AA84 /* PageViewController.xib in Resources */,
				3130B0FD24A4202E003864DD /* CreateAccountViewController.xib in Resources */,
				3130B0EB24A41A05003864DD /* LoginWindow.xib in Resources */,
				31751B5D2444E0E400EEDF14 /* MainMenu.xib in Resources */,
				316E681E24B28D8900FA09D5 /* macos.solutions.json in Resources */,
				3130B0ED24A41CCF003864DD /* CaptureWindow.xib in Resources */,
			);
			runOnlyForDeploymentPostprocessing = 0;
		};
		31751B622444E0E400EEDF14 /* Resources */ = {
			isa = PBXResourcesBuildPhase;
			buildActionMask = 2147483647;
			files = (
			);
			runOnlyForDeploymentPostprocessing = 0;
		};
		31751B6D2444E0E400EEDF14 /* Resources */ = {
			isa = PBXResourcesBuildPhase;
			buildActionMask = 2147483647;
			files = (
			);
			runOnlyForDeploymentPostprocessing = 0;
		};
/* End PBXResourcesBuildPhase section */

/* Begin PBXShellScriptBuildPhase section */
		318744F52481B38C00AE3954 /* ShellScript */ = {
			isa = PBXShellScriptBuildPhase;
			buildActionMask = 2147483647;
			files = (
			);
			inputFileListPaths = (
			);
			inputPaths = (
			);
			outputFileListPaths = (
			);
			outputPaths = (
			);
			runOnlyForDeploymentPostprocessing = 0;
			shellPath = /bin/sh;
			shellScript = "# Type a script or drag a script file from your workspace to insert its path.\nif [ \"${CONFIGURATION}\" = \"Release\" ]; then\n    sh \"${SRCROOT}/Morphic/CreateDiskImage.sh\"\nfi\n";
		};
		9D0AF79024A57FC2007E177E /* ShellScript */ = {
			isa = PBXShellScriptBuildPhase;
			buildActionMask = 2147483647;
			files = (
			);
			inputFileListPaths = (
			);
			inputPaths = (
			);
			outputFileListPaths = (
			);
			outputPaths = (
			);
			runOnlyForDeploymentPostprocessing = 0;
			shellPath = /bin/sh;
			shellScript = "# Type a script or drag a script file from your workspace to insert its path.\nif [ \"${CONFIGURATION}\" = \"Release\" ]; then\n    codesign --timestamp --force --options=runtime --entitlements \"${SRCROOT}/MorphicConfigurator/MorphicConfiguratorRelease.entitlements\" --sign \"Developer ID Application: Raising the Floor - US Inc. (5AAXYGZ428)\" \"${CONFIGURATION_BUILD_DIR}/Morphic.app/Contents/Library/MorphicConfigurator.app/Contents/MacOS/MorphicConfigurator\"\n\n    codesign --timestamp --force --options=runtime --entitlements \"${SRCROOT}/Morphic/MorphicRelease.entitlements\" --sign \"Developer ID Application: Raising the Floor - US Inc. (5AAXYGZ428)\" \"${CONFIGURATION_BUILD_DIR}/Morphic.app/Contents/MacOS/Morphic\"\nfi\n";
		};
/* End PBXShellScriptBuildPhase section */

/* Begin PBXSourcesBuildPhase section */
		31751B052444DE8900EEDF14 /* Sources */ = {
			isa = PBXSourcesBuildPhase;
			buildActionMask = 2147483647;
			files = (
				9D8CEB132507AECF001276E4 /* MorphicBarButtonItemIcon.swift in Sources */,
				31E1E185244683DC009C4092 /* Theme.swift in Sources */,
				31751B9F2444F22900EEDF14 /* MorphicBarWindow.swift in Sources */,
				FFD2E79C2520BA86001AD276 /* PermissionsGuidanceSystem.swift in Sources */,
				31E1E183244682C2009C4092 /* MorphicBarSegmentedButton.swift in Sources */,
				31CE56F7244A408000A52A7B /* QuickHelpViewController.swift in Sources */,
				31751B9E2444F22900EEDF14 /* MorphicBarViewController.swift in Sources */,
				31CE56F9244A428500A52A7B /* ShadowedLabel.swift in Sources */,
				31751B982444F21700EEDF14 /* Session.swift in Sources */,
				31C12CC124B143A000B617A8 /* QuickHelpStepViewController.swift in Sources */,
				FFD2E7AE252107D2001AD276 /* PermissionsSuccessWindowController.swift in Sources */,
				31E1E17F24466EB0009C4092 /* MorphicBarItemViewProtocol.swift in Sources */,
				31C12CB824B1174900B617A8 /* QuickHelpContentProvider.swift in Sources */,
				9DDAE61025094C4F0072C711 /* MorphicBarSegmentedButtonItemView.swift in Sources */,
				FFD2E7B4252107E9001AD276 /* PermissionsReminderWindowController.swift in Sources */,
				31C12CBB24B11F5A00B617A8 /* QuickHelpVolumeViewController.swift in Sources */,
				31CE56F3244A3CDB00A52A7B /* QuickHelpWindow.swift in Sources */,
				31E1E17D24466E7C009C4092 /* MorphicBarView.swift in Sources */,
				9D8CEB152507AED7001276E4 /* MorphicBarButtonItemView.swift in Sources */,
				31751B0D2444DE8900EEDF14 /* AppDelegate.swift in Sources */,
				FFD2E789251B3214001AD276 /* PermissionsGuidanceWindowController.swift in Sources */,
				31C12CBE24B138D000B617A8 /* ProgressIndicator.swift in Sources */,
				31C12CC424B1441E00B617A8 /* PageControl.swift in Sources */,
				9D82576E24D31C1E00F6E932 /* AboutBoxWindowController.swift in Sources */,
				9D82577124D353C800F6E932 /* HyperlinkTextField.swift in Sources */,
				31E1E17B24466D28009C4092 /* MorphicBarItem.swift in Sources */,
			);
			runOnlyForDeploymentPostprocessing = 0;
		};
		31751B152444DE8B00EEDF14 /* Sources */ = {
			isa = PBXSourcesBuildPhase;
			buildActionMask = 2147483647;
			files = (
				31751B1E2444DE8B00EEDF14 /* MorphicTests.swift in Sources */,
			);
			runOnlyForDeploymentPostprocessing = 0;
		};
		31751B202444DE8B00EEDF14 /* Sources */ = {
			isa = PBXSourcesBuildPhase;
			buildActionMask = 2147483647;
			files = (
				31751B292444DE8B00EEDF14 /* MorphicUITests.swift in Sources */,
			);
			runOnlyForDeploymentPostprocessing = 0;
		};
		31751B512444E0E300EEDF14 /* Sources */ = {
			isa = PBXSourcesBuildPhase;
			buildActionMask = 2147483647;
			files = (
				3130B10024A42037003864DD /* DoneViewController.swift in Sources */,
				3130B0FC24A4202E003864DD /* CreateAccountViewController.swift in Sources */,
				31751B582444E0E300EEDF14 /* AppDelegate.swift in Sources */,
				3103974024B15DB600F5AA84 /* CustomCursorButton.swift in Sources */,
				3130B0F824A42020003864DD /* CaptureViewController.swift in Sources */,
				3130B0F524A42006003864DD /* PageViewController.swift in Sources */,
				31751B992444F21700EEDF14 /* Session.swift in Sources */,
				3130B0F124A41FA6003864DD /* CaptureWindowController.swift in Sources */,
				3130B0EF24A41E8D003864DD /* LoginWindowController.swift in Sources */,
			);
			runOnlyForDeploymentPostprocessing = 0;
		};
		31751B602444E0E400EEDF14 /* Sources */ = {
			isa = PBXSourcesBuildPhase;
			buildActionMask = 2147483647;
			files = (
				31751B692444E0E400EEDF14 /* MorphicConfiguratorTests.swift in Sources */,
			);
			runOnlyForDeploymentPostprocessing = 0;
		};
		31751B6B2444E0E400EEDF14 /* Sources */ = {
			isa = PBXSourcesBuildPhase;
			buildActionMask = 2147483647;
			files = (
				31751B742444E0E400EEDF14 /* MorphicConfiguratorUITests.swift in Sources */,
			);
			runOnlyForDeploymentPostprocessing = 0;
		};
/* End PBXSourcesBuildPhase section */

/* Begin PBXTargetDependency section */
		31751B1B2444DE8B00EEDF14 /* PBXTargetDependency */ = {
			isa = PBXTargetDependency;
			target = 31751B082444DE8900EEDF14 /* Morphic */;
			targetProxy = 31751B1A2444DE8B00EEDF14 /* PBXContainerItemProxy */;
		};
		31751B262444DE8B00EEDF14 /* PBXTargetDependency */ = {
			isa = PBXTargetDependency;
			target = 31751B082444DE8900EEDF14 /* Morphic */;
			targetProxy = 31751B252444DE8B00EEDF14 /* PBXContainerItemProxy */;
		};
		31751B662444E0E400EEDF14 /* PBXTargetDependency */ = {
			isa = PBXTargetDependency;
			target = 31751B542444E0E300EEDF14 /* MorphicConfigurator */;
			targetProxy = 31751B652444E0E400EEDF14 /* PBXContainerItemProxy */;
		};
		31751B712444E0E400EEDF14 /* PBXTargetDependency */ = {
			isa = PBXTargetDependency;
			target = 31751B542444E0E300EEDF14 /* MorphicConfigurator */;
			targetProxy = 31751B702444E0E400EEDF14 /* PBXContainerItemProxy */;
		};
		31751B962444F0CA00EEDF14 /* PBXTargetDependency */ = {
			isa = PBXTargetDependency;
			target = 31751B542444E0E300EEDF14 /* MorphicConfigurator */;
			targetProxy = 31751B952444F0CA00EEDF14 /* PBXContainerItemProxy */;
		};
/* End PBXTargetDependency section */

/* Begin PBXVariantGroup section */
		31751B3A2444DFAA00EEDF14 /* Main.xib */ = {
			isa = PBXVariantGroup;
			children = (
				31751B3B2444DFAA00EEDF14 /* Base */,
			);
			name = Main.xib;
			sourceTree = "<group>";
		};
		31751B5B2444E0E400EEDF14 /* MainMenu.xib */ = {
			isa = PBXVariantGroup;
			children = (
				31751B5C2444E0E400EEDF14 /* Base */,
			);
			name = MainMenu.xib;
			sourceTree = "<group>";
		};
		31E1E18A244794EF009C4092 /* MorphicBarViewController.xib */ = {
			isa = PBXVariantGroup;
			children = (
				31E1E189244794EF009C4092 /* Base */,
				31CE56E92448E27400A52A7B /* en */,
			);
			name = MorphicBarViewController.xib;
			sourceTree = "<group>";
		};
/* End PBXVariantGroup section */

/* Begin XCBuildConfiguration section */
		31751B2B2444DE8B00EEDF14 /* Debug */ = {
			isa = XCBuildConfiguration;
			baseConfigurationReference = 31751B812444E11600EEDF14 /* Debug.xcconfig */;
			buildSettings = {
				ALWAYS_SEARCH_USER_PATHS = NO;
				CLANG_ANALYZER_NONNULL = YES;
				CLANG_ANALYZER_NUMBER_OBJECT_CONVERSION = YES_AGGRESSIVE;
				CLANG_CXX_LANGUAGE_STANDARD = "gnu++14";
				CLANG_CXX_LIBRARY = "libc++";
				CLANG_ENABLE_MODULES = YES;
				CLANG_ENABLE_OBJC_ARC = YES;
				CLANG_ENABLE_OBJC_WEAK = YES;
				CLANG_WARN_BLOCK_CAPTURE_AUTORELEASING = YES;
				CLANG_WARN_BOOL_CONVERSION = YES;
				CLANG_WARN_COMMA = YES;
				CLANG_WARN_CONSTANT_CONVERSION = YES;
				CLANG_WARN_DEPRECATED_OBJC_IMPLEMENTATIONS = YES;
				CLANG_WARN_DIRECT_OBJC_ISA_USAGE = YES_ERROR;
				CLANG_WARN_DOCUMENTATION_COMMENTS = YES;
				CLANG_WARN_EMPTY_BODY = YES;
				CLANG_WARN_ENUM_CONVERSION = YES;
				CLANG_WARN_INFINITE_RECURSION = YES;
				CLANG_WARN_INT_CONVERSION = YES;
				CLANG_WARN_NON_LITERAL_NULL_CONVERSION = YES;
				CLANG_WARN_OBJC_IMPLICIT_RETAIN_SELF = YES;
				CLANG_WARN_OBJC_LITERAL_CONVERSION = YES;
				CLANG_WARN_OBJC_ROOT_CLASS = YES_ERROR;
				CLANG_WARN_RANGE_LOOP_ANALYSIS = YES;
				CLANG_WARN_STRICT_PROTOTYPES = YES;
				CLANG_WARN_SUSPICIOUS_MOVE = YES;
				CLANG_WARN_UNGUARDED_AVAILABILITY = YES_AGGRESSIVE;
				CLANG_WARN_UNREACHABLE_CODE = YES;
				CLANG_WARN__DUPLICATE_METHOD_MATCH = YES;
				COPY_PHASE_STRIP = NO;
				DEBUG_INFORMATION_FORMAT = dwarf;
				ENABLE_STRICT_OBJC_MSGSEND = YES;
				ENABLE_TESTABILITY = YES;
				GCC_C_LANGUAGE_STANDARD = gnu11;
				GCC_DYNAMIC_NO_PIC = NO;
				GCC_NO_COMMON_BLOCKS = YES;
				GCC_OPTIMIZATION_LEVEL = 0;
				GCC_PREPROCESSOR_DEFINITIONS = (
					"DEBUG=1",
					"$(inherited)",
				);
				GCC_WARN_64_TO_32_BIT_CONVERSION = YES;
				GCC_WARN_ABOUT_RETURN_TYPE = YES_ERROR;
				GCC_WARN_UNDECLARED_SELECTOR = YES;
				GCC_WARN_UNINITIALIZED_AUTOS = YES_AGGRESSIVE;
				GCC_WARN_UNUSED_FUNCTION = YES;
				GCC_WARN_UNUSED_VARIABLE = YES;
				MACOSX_DEPLOYMENT_TARGET = 10.14;
				MTL_ENABLE_DEBUG_INFO = INCLUDE_SOURCE;
				MTL_FAST_MATH = YES;
				ONLY_ACTIVE_ARCH = YES;
				SDKROOT = macosx;
				SWIFT_ACTIVE_COMPILATION_CONDITIONS = DEBUG;
				SWIFT_OPTIMIZATION_LEVEL = "-Onone";
			};
			name = Debug;
		};
		31751B2C2444DE8B00EEDF14 /* Release */ = {
			isa = XCBuildConfiguration;
			baseConfigurationReference = 31751B802444E11600EEDF14 /* Release.xcconfig */;
			buildSettings = {
				ALWAYS_SEARCH_USER_PATHS = NO;
				CLANG_ANALYZER_NONNULL = YES;
				CLANG_ANALYZER_NUMBER_OBJECT_CONVERSION = YES_AGGRESSIVE;
				CLANG_CXX_LANGUAGE_STANDARD = "gnu++14";
				CLANG_CXX_LIBRARY = "libc++";
				CLANG_ENABLE_MODULES = YES;
				CLANG_ENABLE_OBJC_ARC = YES;
				CLANG_ENABLE_OBJC_WEAK = YES;
				CLANG_WARN_BLOCK_CAPTURE_AUTORELEASING = YES;
				CLANG_WARN_BOOL_CONVERSION = YES;
				CLANG_WARN_COMMA = YES;
				CLANG_WARN_CONSTANT_CONVERSION = YES;
				CLANG_WARN_DEPRECATED_OBJC_IMPLEMENTATIONS = YES;
				CLANG_WARN_DIRECT_OBJC_ISA_USAGE = YES_ERROR;
				CLANG_WARN_DOCUMENTATION_COMMENTS = YES;
				CLANG_WARN_EMPTY_BODY = YES;
				CLANG_WARN_ENUM_CONVERSION = YES;
				CLANG_WARN_INFINITE_RECURSION = YES;
				CLANG_WARN_INT_CONVERSION = YES;
				CLANG_WARN_NON_LITERAL_NULL_CONVERSION = YES;
				CLANG_WARN_OBJC_IMPLICIT_RETAIN_SELF = YES;
				CLANG_WARN_OBJC_LITERAL_CONVERSION = YES;
				CLANG_WARN_OBJC_ROOT_CLASS = YES_ERROR;
				CLANG_WARN_RANGE_LOOP_ANALYSIS = YES;
				CLANG_WARN_STRICT_PROTOTYPES = YES;
				CLANG_WARN_SUSPICIOUS_MOVE = YES;
				CLANG_WARN_UNGUARDED_AVAILABILITY = YES_AGGRESSIVE;
				CLANG_WARN_UNREACHABLE_CODE = YES;
				CLANG_WARN__DUPLICATE_METHOD_MATCH = YES;
				COPY_PHASE_STRIP = NO;
				DEBUG_INFORMATION_FORMAT = "dwarf-with-dsym";
				ENABLE_NS_ASSERTIONS = NO;
				ENABLE_STRICT_OBJC_MSGSEND = YES;
				GCC_C_LANGUAGE_STANDARD = gnu11;
				GCC_NO_COMMON_BLOCKS = YES;
				GCC_WARN_64_TO_32_BIT_CONVERSION = YES;
				GCC_WARN_ABOUT_RETURN_TYPE = YES_ERROR;
				GCC_WARN_UNDECLARED_SELECTOR = YES;
				GCC_WARN_UNINITIALIZED_AUTOS = YES_AGGRESSIVE;
				GCC_WARN_UNUSED_FUNCTION = YES;
				GCC_WARN_UNUSED_VARIABLE = YES;
				MACOSX_DEPLOYMENT_TARGET = 10.14;
				MTL_ENABLE_DEBUG_INFO = NO;
				MTL_FAST_MATH = YES;
				SDKROOT = macosx;
				SWIFT_COMPILATION_MODE = wholemodule;
				SWIFT_OPTIMIZATION_LEVEL = "-O";
			};
			name = Release;
		};
		31751B2E2444DE8B00EEDF14 /* Debug */ = {
			isa = XCBuildConfiguration;
			buildSettings = {
				ASSETCATALOG_COMPILER_APPICON_NAME = AppIcon;
				CODE_SIGN_ENTITLEMENTS = Morphic/MorphicDebug.entitlements;
				CODE_SIGN_IDENTITY = "Apple Development";
				CODE_SIGN_STYLE = Automatic;
				COMBINE_HIDPI_IMAGES = YES;
				DEVELOPMENT_TEAM = 5AAXYGZ428;
				ENABLE_HARDENED_RUNTIME = YES;
				INFOPLIST_FILE = Morphic/Info.plist;
				LD_RUNPATH_SEARCH_PATHS = (
					"$(inherited)",
					"@executable_path/../Frameworks",
				);
				MARKETING_VERSION = 0.9;
				PRODUCT_BUNDLE_IDENTIFIER = "org.raisingthefloor.Morphic-Debug";
				PRODUCT_NAME = "$(TARGET_NAME)";
				PROVISIONING_PROFILE_SPECIFIER = "";
				SWIFT_VERSION = 5.0;
			};
			name = Debug;
		};
		31751B2F2444DE8B00EEDF14 /* Release */ = {
			isa = XCBuildConfiguration;
			buildSettings = {
				ASSETCATALOG_COMPILER_APPICON_NAME = AppIcon;
				CODE_SIGN_ENTITLEMENTS = Morphic/MorphicRelease.entitlements;
				CODE_SIGN_IDENTITY = "Developer ID Application: Raising the Floor - US Inc. (5AAXYGZ428)";
				CODE_SIGN_STYLE = Manual;
				COMBINE_HIDPI_IMAGES = YES;
				DEVELOPMENT_TEAM = 5AAXYGZ428;
				ENABLE_HARDENED_RUNTIME = YES;
				INFOPLIST_FILE = Morphic/Info.plist;
				LD_RUNPATH_SEARCH_PATHS = (
					"$(inherited)",
					"@executable_path/../Frameworks",
				);
				MARKETING_VERSION = 0.9;
				PRODUCT_BUNDLE_IDENTIFIER = org.raisingthefloor.Morphic;
				PRODUCT_NAME = "$(TARGET_NAME)";
				PROVISIONING_PROFILE_SPECIFIER = "Morphic Client for macOS";
				SWIFT_VERSION = 5.0;
			};
			name = Release;
		};
		31751B312444DE8B00EEDF14 /* Debug */ = {
			isa = XCBuildConfiguration;
			buildSettings = {
				ALWAYS_EMBED_SWIFT_STANDARD_LIBRARIES = YES;
				BUNDLE_LOADER = "$(TEST_HOST)";
				CODE_SIGN_STYLE = Automatic;
				COMBINE_HIDPI_IMAGES = YES;
				DEVELOPMENT_TEAM = 5AAXYGZ428;
				INFOPLIST_FILE = MorphicTests/Info.plist;
				LD_RUNPATH_SEARCH_PATHS = (
					"$(inherited)",
					"@executable_path/../Frameworks",
					"@loader_path/../Frameworks",
				);
				MACOSX_DEPLOYMENT_TARGET = 10.15;
				PRODUCT_BUNDLE_IDENTIFIER = org.raisingthefloor.MorphicTests;
				PRODUCT_NAME = "$(TARGET_NAME)";
				SWIFT_VERSION = 5.0;
				TEST_HOST = "$(BUILT_PRODUCTS_DIR)/Morphic.app/Contents/MacOS/Morphic";
			};
			name = Debug;
		};
		31751B322444DE8B00EEDF14 /* Release */ = {
			isa = XCBuildConfiguration;
			buildSettings = {
				ALWAYS_EMBED_SWIFT_STANDARD_LIBRARIES = YES;
				BUNDLE_LOADER = "$(TEST_HOST)";
				CODE_SIGN_STYLE = Automatic;
				COMBINE_HIDPI_IMAGES = YES;
				DEVELOPMENT_TEAM = 5AAXYGZ428;
				INFOPLIST_FILE = MorphicTests/Info.plist;
				LD_RUNPATH_SEARCH_PATHS = (
					"$(inherited)",
					"@executable_path/../Frameworks",
					"@loader_path/../Frameworks",
				);
				MACOSX_DEPLOYMENT_TARGET = 10.15;
				PRODUCT_BUNDLE_IDENTIFIER = org.raisingthefloor.MorphicTests;
				PRODUCT_NAME = "$(TARGET_NAME)";
				SWIFT_VERSION = 5.0;
				TEST_HOST = "$(BUILT_PRODUCTS_DIR)/Morphic.app/Contents/MacOS/Morphic";
			};
			name = Release;
		};
		31751B342444DE8B00EEDF14 /* Debug */ = {
			isa = XCBuildConfiguration;
			buildSettings = {
				ALWAYS_EMBED_SWIFT_STANDARD_LIBRARIES = YES;
				CODE_SIGN_STYLE = Automatic;
				COMBINE_HIDPI_IMAGES = YES;
				DEVELOPMENT_TEAM = 5AAXYGZ428;
				INFOPLIST_FILE = MorphicUITests/Info.plist;
				LD_RUNPATH_SEARCH_PATHS = (
					"$(inherited)",
					"@executable_path/../Frameworks",
					"@loader_path/../Frameworks",
				);
				PRODUCT_BUNDLE_IDENTIFIER = org.raisingthefloor.MorphicUITests;
				PRODUCT_NAME = "$(TARGET_NAME)";
				SWIFT_VERSION = 5.0;
				TEST_TARGET_NAME = Morphic;
			};
			name = Debug;
		};
		31751B352444DE8B00EEDF14 /* Release */ = {
			isa = XCBuildConfiguration;
			buildSettings = {
				ALWAYS_EMBED_SWIFT_STANDARD_LIBRARIES = YES;
				CODE_SIGN_STYLE = Automatic;
				COMBINE_HIDPI_IMAGES = YES;
				DEVELOPMENT_TEAM = 5AAXYGZ428;
				INFOPLIST_FILE = MorphicUITests/Info.plist;
				LD_RUNPATH_SEARCH_PATHS = (
					"$(inherited)",
					"@executable_path/../Frameworks",
					"@loader_path/../Frameworks",
				);
				PRODUCT_BUNDLE_IDENTIFIER = org.raisingthefloor.MorphicUITests;
				PRODUCT_NAME = "$(TARGET_NAME)";
				SWIFT_VERSION = 5.0;
				TEST_TARGET_NAME = Morphic;
			};
			name = Release;
		};
		31751B772444E0E400EEDF14 /* Debug */ = {
			isa = XCBuildConfiguration;
			buildSettings = {
				ASSETCATALOG_COMPILER_APPICON_NAME = AppIcon;
				CODE_SIGN_ENTITLEMENTS = MorphicConfigurator/MorphicConfiguratorDebug.entitlements;
				CODE_SIGN_IDENTITY = "Apple Development";
				CODE_SIGN_STYLE = Automatic;
				COMBINE_HIDPI_IMAGES = YES;
				DEVELOPMENT_TEAM = 5AAXYGZ428;
				ENABLE_HARDENED_RUNTIME = YES;
				INFOPLIST_FILE = MorphicConfigurator/Info.plist;
				LD_RUNPATH_SEARCH_PATHS = (
					"$(inherited)",
					"@executable_path/../Frameworks",
				);
				MARKETING_VERSION = 0.9;
				PRODUCT_BUNDLE_IDENTIFIER = "org.raisingthefloor.MorphicConfigurator-Debug";
				PRODUCT_NAME = "$(TARGET_NAME)";
				PROVISIONING_PROFILE_SPECIFIER = "";
				SWIFT_VERSION = 5.0;
			};
			name = Debug;
		};
		31751B782444E0E400EEDF14 /* Release */ = {
			isa = XCBuildConfiguration;
			buildSettings = {
				ASSETCATALOG_COMPILER_APPICON_NAME = AppIcon;
				CODE_SIGN_ENTITLEMENTS = MorphicConfigurator/MorphicConfiguratorRelease.entitlements;
				CODE_SIGN_IDENTITY = "Developer ID Application: Raising the Floor - US Inc. (5AAXYGZ428)";
				CODE_SIGN_STYLE = Manual;
				COMBINE_HIDPI_IMAGES = YES;
				DEVELOPMENT_TEAM = 5AAXYGZ428;
				ENABLE_HARDENED_RUNTIME = YES;
				INFOPLIST_FILE = MorphicConfigurator/Info.plist;
				LD_RUNPATH_SEARCH_PATHS = (
					"$(inherited)",
					"@executable_path/../Frameworks",
				);
				MARKETING_VERSION = 0.9;
				PRODUCT_BUNDLE_IDENTIFIER = org.raisingthefloor.MorphicConfigurator;
				PRODUCT_NAME = "$(TARGET_NAME)";
				PROVISIONING_PROFILE_SPECIFIER = "Morphic Configurator for macOS";
				SWIFT_VERSION = 5.0;
			};
			name = Release;
		};
		31751B7A2444E0E400EEDF14 /* Debug */ = {
			isa = XCBuildConfiguration;
			buildSettings = {
				ALWAYS_EMBED_SWIFT_STANDARD_LIBRARIES = YES;
				BUNDLE_LOADER = "$(TEST_HOST)";
				CODE_SIGN_STYLE = Automatic;
				COMBINE_HIDPI_IMAGES = YES;
				DEVELOPMENT_TEAM = 5AAXYGZ428;
				INFOPLIST_FILE = MorphicConfiguratorTests/Info.plist;
				LD_RUNPATH_SEARCH_PATHS = (
					"$(inherited)",
					"@executable_path/../Frameworks",
					"@loader_path/../Frameworks",
				);
				MACOSX_DEPLOYMENT_TARGET = 10.15;
				PRODUCT_BUNDLE_IDENTIFIER = org.raisingthefloor.MorphicConfiguratorTests;
				PRODUCT_NAME = "$(TARGET_NAME)";
				SWIFT_VERSION = 5.0;
				TEST_HOST = "$(BUILT_PRODUCTS_DIR)/MorphicConfigurator.app/Contents/MacOS/MorphicConfigurator";
			};
			name = Debug;
		};
		31751B7B2444E0E400EEDF14 /* Release */ = {
			isa = XCBuildConfiguration;
			buildSettings = {
				ALWAYS_EMBED_SWIFT_STANDARD_LIBRARIES = YES;
				BUNDLE_LOADER = "$(TEST_HOST)";
				CODE_SIGN_STYLE = Automatic;
				COMBINE_HIDPI_IMAGES = YES;
				DEVELOPMENT_TEAM = 5AAXYGZ428;
				INFOPLIST_FILE = MorphicConfiguratorTests/Info.plist;
				LD_RUNPATH_SEARCH_PATHS = (
					"$(inherited)",
					"@executable_path/../Frameworks",
					"@loader_path/../Frameworks",
				);
				MACOSX_DEPLOYMENT_TARGET = 10.15;
				PRODUCT_BUNDLE_IDENTIFIER = org.raisingthefloor.MorphicConfiguratorTests;
				PRODUCT_NAME = "$(TARGET_NAME)";
				SWIFT_VERSION = 5.0;
				TEST_HOST = "$(BUILT_PRODUCTS_DIR)/MorphicConfigurator.app/Contents/MacOS/MorphicConfigurator";
			};
			name = Release;
		};
		31751B7D2444E0E400EEDF14 /* Debug */ = {
			isa = XCBuildConfiguration;
			buildSettings = {
				ALWAYS_EMBED_SWIFT_STANDARD_LIBRARIES = YES;
				CODE_SIGN_STYLE = Automatic;
				COMBINE_HIDPI_IMAGES = YES;
				DEVELOPMENT_TEAM = 5AAXYGZ428;
				INFOPLIST_FILE = MorphicConfiguratorUITests/Info.plist;
				LD_RUNPATH_SEARCH_PATHS = (
					"$(inherited)",
					"@executable_path/../Frameworks",
					"@loader_path/../Frameworks",
				);
				PRODUCT_BUNDLE_IDENTIFIER = org.raisingthefloor.MorphicConfiguratorUITests;
				PRODUCT_NAME = "$(TARGET_NAME)";
				SWIFT_VERSION = 5.0;
				TEST_TARGET_NAME = MorphicConfigurator;
			};
			name = Debug;
		};
		31751B7E2444E0E400EEDF14 /* Release */ = {
			isa = XCBuildConfiguration;
			buildSettings = {
				ALWAYS_EMBED_SWIFT_STANDARD_LIBRARIES = YES;
				CODE_SIGN_STYLE = Automatic;
				COMBINE_HIDPI_IMAGES = YES;
				DEVELOPMENT_TEAM = 5AAXYGZ428;
				INFOPLIST_FILE = MorphicConfiguratorUITests/Info.plist;
				LD_RUNPATH_SEARCH_PATHS = (
					"$(inherited)",
					"@executable_path/../Frameworks",
					"@loader_path/../Frameworks",
				);
				PRODUCT_BUNDLE_IDENTIFIER = org.raisingthefloor.MorphicConfiguratorUITests;
				PRODUCT_NAME = "$(TARGET_NAME)";
				SWIFT_VERSION = 5.0;
				TEST_TARGET_NAME = MorphicConfigurator;
			};
			name = Release;
		};
/* End XCBuildConfiguration section */

/* Begin XCConfigurationList section */
		31751B042444DE8900EEDF14 /* Build configuration list for PBXProject "Morphic" */ = {
			isa = XCConfigurationList;
			buildConfigurations = (
				31751B2B2444DE8B00EEDF14 /* Debug */,
				31751B2C2444DE8B00EEDF14 /* Release */,
			);
			defaultConfigurationIsVisible = 0;
			defaultConfigurationName = Release;
		};
		31751B2D2444DE8B00EEDF14 /* Build configuration list for PBXNativeTarget "Morphic" */ = {
			isa = XCConfigurationList;
			buildConfigurations = (
				31751B2E2444DE8B00EEDF14 /* Debug */,
				31751B2F2444DE8B00EEDF14 /* Release */,
			);
			defaultConfigurationIsVisible = 0;
			defaultConfigurationName = Release;
		};
		31751B302444DE8B00EEDF14 /* Build configuration list for PBXNativeTarget "MorphicTests" */ = {
			isa = XCConfigurationList;
			buildConfigurations = (
				31751B312444DE8B00EEDF14 /* Debug */,
				31751B322444DE8B00EEDF14 /* Release */,
			);
			defaultConfigurationIsVisible = 0;
			defaultConfigurationName = Release;
		};
		31751B332444DE8B00EEDF14 /* Build configuration list for PBXNativeTarget "MorphicUITests" */ = {
			isa = XCConfigurationList;
			buildConfigurations = (
				31751B342444DE8B00EEDF14 /* Debug */,
				31751B352444DE8B00EEDF14 /* Release */,
			);
			defaultConfigurationIsVisible = 0;
			defaultConfigurationName = Release;
		};
		31751B762444E0E400EEDF14 /* Build configuration list for PBXNativeTarget "MorphicConfigurator" */ = {
			isa = XCConfigurationList;
			buildConfigurations = (
				31751B772444E0E400EEDF14 /* Debug */,
				31751B782444E0E400EEDF14 /* Release */,
			);
			defaultConfigurationIsVisible = 0;
			defaultConfigurationName = Release;
		};
		31751B792444E0E400EEDF14 /* Build configuration list for PBXNativeTarget "MorphicConfiguratorTests" */ = {
			isa = XCConfigurationList;
			buildConfigurations = (
				31751B7A2444E0E400EEDF14 /* Debug */,
				31751B7B2444E0E400EEDF14 /* Release */,
			);
			defaultConfigurationIsVisible = 0;
			defaultConfigurationName = Release;
		};
		31751B7C2444E0E400EEDF14 /* Build configuration list for PBXNativeTarget "MorphicConfiguratorUITests" */ = {
			isa = XCConfigurationList;
			buildConfigurations = (
				31751B7D2444E0E400EEDF14 /* Debug */,
				31751B7E2444E0E400EEDF14 /* Release */,
			);
			defaultConfigurationIsVisible = 0;
			defaultConfigurationName = Release;
		};
/* End XCConfigurationList section */
	};
	rootObject = 31751B012444DE8900EEDF14 /* Project object */;
}
